// !$*UTF8*$!
{
	archiveVersion = 1;
	classes = {
	};
	objectVersion = 50;
	objects = {

/* Begin PBXBuildFile section */
		A82FF2A72345EB6600EE1807 /* R.generated.swift in Sources */ = {isa = PBXBuildFile; fileRef = A82FF2A62345EB6600EE1807 /* R.generated.swift */; };
		A82FF2A92345F23C00EE1807 /* User.swift in Sources */ = {isa = PBXBuildFile; fileRef = A82FF2A82345F23C00EE1807 /* User.swift */; };
		A82FF2AB2345F60F00EE1807 /* Game.swift in Sources */ = {isa = PBXBuildFile; fileRef = A82FF2AA2345F60F00EE1807 /* Game.swift */; };
		A82FF2AD2345F81A00EE1807 /* Event.swift in Sources */ = {isa = PBXBuildFile; fileRef = A82FF2AC2345F81A00EE1807 /* Event.swift */; };
		A82FF2B2234606B700EE1807 /* EventService.swift in Sources */ = {isa = PBXBuildFile; fileRef = A82FF2B1234606B700EE1807 /* EventService.swift */; };
		A82FF2B523460E7900EE1807 /* Constants.swift in Sources */ = {isa = PBXBuildFile; fileRef = A82FF2B423460E7900EE1807 /* Constants.swift */; };
		A82FF2B72346E73100EE1807 /* HardcodedStorage.swift in Sources */ = {isa = PBXBuildFile; fileRef = A82FF2B62346E73100EE1807 /* HardcodedStorage.swift */; };
		A82FF2B92346E91D00EE1807 /* EventServiceAssemblyContainer.swift in Sources */ = {isa = PBXBuildFile; fileRef = A82FF2B82346E91D00EE1807 /* EventServiceAssemblyContainer.swift */; };
		A82FF2BB2346E96F00EE1807 /* ApplicationAssembly.swift in Sources */ = {isa = PBXBuildFile; fileRef = A82FF2BA2346E96F00EE1807 /* ApplicationAssembly.swift */; };
		A87701FF23336E6E002EA095 /* AppDelegate.swift in Sources */ = {isa = PBXBuildFile; fileRef = A87701FE23336E6E002EA095 /* AppDelegate.swift */; };
		A877020123336E6E002EA095 /* ViewController.swift in Sources */ = {isa = PBXBuildFile; fileRef = A877020023336E6E002EA095 /* ViewController.swift */; };
		A877020423336E6E002EA095 /* Main.storyboard in Resources */ = {isa = PBXBuildFile; fileRef = A877020223336E6E002EA095 /* Main.storyboard */; };
		A877020623336E6F002EA095 /* Assets.xcassets in Resources */ = {isa = PBXBuildFile; fileRef = A877020523336E6F002EA095 /* Assets.xcassets */; };
		A877020923336E6F002EA095 /* LaunchScreen.storyboard in Resources */ = {isa = PBXBuildFile; fileRef = A877020723336E6F002EA095 /* LaunchScreen.storyboard */; };
		C56A081CF34CA62526D03FF3 /* Pods_Cooplay.framework in Frameworks */ = {isa = PBXBuildFile; fileRef = 7D1952A5037E2BEBE7EC02B2 /* Pods_Cooplay.framework */; };
/* End PBXBuildFile section */

/* Begin PBXFileReference section */
		0EA6DED6AE53EB86801DC0B1 /* Pods-Cooplay.release.xcconfig */ = {isa = PBXFileReference; includeInIndex = 1; lastKnownFileType = text.xcconfig; name = "Pods-Cooplay.release.xcconfig"; path = "Target Support Files/Pods-Cooplay/Pods-Cooplay.release.xcconfig"; sourceTree = "<group>"; };
		7D1952A5037E2BEBE7EC02B2 /* Pods_Cooplay.framework */ = {isa = PBXFileReference; explicitFileType = wrapper.framework; includeInIndex = 0; path = Pods_Cooplay.framework; sourceTree = BUILT_PRODUCTS_DIR; };
		A82FF2A62345EB6600EE1807 /* R.generated.swift */ = {isa = PBXFileReference; fileEncoding = 4; lastKnownFileType = sourcecode.swift; path = R.generated.swift; sourceTree = "<group>"; };
		A82FF2A82345F23C00EE1807 /* User.swift */ = {isa = PBXFileReference; lastKnownFileType = sourcecode.swift; path = User.swift; sourceTree = "<group>"; };
		A82FF2AA2345F60F00EE1807 /* Game.swift */ = {isa = PBXFileReference; lastKnownFileType = sourcecode.swift; path = Game.swift; sourceTree = "<group>"; };
		A82FF2AC2345F81A00EE1807 /* Event.swift */ = {isa = PBXFileReference; lastKnownFileType = sourcecode.swift; path = Event.swift; sourceTree = "<group>"; };
		A82FF2B1234606B700EE1807 /* EventService.swift */ = {isa = PBXFileReference; lastKnownFileType = sourcecode.swift; path = EventService.swift; sourceTree = "<group>"; };
		A82FF2B423460E7900EE1807 /* Constants.swift */ = {isa = PBXFileReference; lastKnownFileType = sourcecode.swift; path = Constants.swift; sourceTree = "<group>"; };
		A82FF2B62346E73100EE1807 /* HardcodedStorage.swift */ = {isa = PBXFileReference; lastKnownFileType = sourcecode.swift; path = HardcodedStorage.swift; sourceTree = "<group>"; };
		A82FF2B82346E91D00EE1807 /* EventServiceAssemblyContainer.swift */ = {isa = PBXFileReference; lastKnownFileType = sourcecode.swift; path = EventServiceAssemblyContainer.swift; sourceTree = "<group>"; };
		A82FF2BA2346E96F00EE1807 /* ApplicationAssembly.swift */ = {isa = PBXFileReference; lastKnownFileType = sourcecode.swift; path = ApplicationAssembly.swift; sourceTree = "<group>"; };
		A87701FB23336E6E002EA095 /* Cooplay.app */ = {isa = PBXFileReference; explicitFileType = wrapper.application; includeInIndex = 0; path = Cooplay.app; sourceTree = BUILT_PRODUCTS_DIR; };
		A87701FE23336E6E002EA095 /* AppDelegate.swift */ = {isa = PBXFileReference; lastKnownFileType = sourcecode.swift; path = AppDelegate.swift; sourceTree = "<group>"; };
		A877020023336E6E002EA095 /* ViewController.swift */ = {isa = PBXFileReference; lastKnownFileType = sourcecode.swift; path = ViewController.swift; sourceTree = "<group>"; };
		A877020323336E6E002EA095 /* Base */ = {isa = PBXFileReference; lastKnownFileType = file.storyboard; name = Base; path = Base.lproj/Main.storyboard; sourceTree = "<group>"; };
		A877020523336E6F002EA095 /* Assets.xcassets */ = {isa = PBXFileReference; lastKnownFileType = folder.assetcatalog; path = Assets.xcassets; sourceTree = "<group>"; };
		A877020823336E6F002EA095 /* Base */ = {isa = PBXFileReference; lastKnownFileType = file.storyboard; name = Base; path = Base.lproj/LaunchScreen.storyboard; sourceTree = "<group>"; };
		A877020A23336E6F002EA095 /* Info.plist */ = {isa = PBXFileReference; lastKnownFileType = text.plist.xml; path = Info.plist; sourceTree = "<group>"; };
		BBB56DA1364DE814BF318F34 /* Pods-Cooplay.debug.xcconfig */ = {isa = PBXFileReference; includeInIndex = 1; lastKnownFileType = text.xcconfig; name = "Pods-Cooplay.debug.xcconfig"; path = "Target Support Files/Pods-Cooplay/Pods-Cooplay.debug.xcconfig"; sourceTree = "<group>"; };
/* End PBXFileReference section */

/* Begin PBXFrameworksBuildPhase section */
		A87701F823336E6E002EA095 /* Frameworks */ = {
			isa = PBXFrameworksBuildPhase;
			buildActionMask = 2147483647;
			files = (
				C56A081CF34CA62526D03FF3 /* Pods_Cooplay.framework in Frameworks */,
			);
			runOnlyForDeploymentPostprocessing = 0;
		};
/* End PBXFrameworksBuildPhase section */

/* Begin PBXGroup section */
		618666405E3843E32A72C4E0 /* Pods */ = {
			isa = PBXGroup;
			children = (
				BBB56DA1364DE814BF318F34 /* Pods-Cooplay.debug.xcconfig */,
				0EA6DED6AE53EB86801DC0B1 /* Pods-Cooplay.release.xcconfig */,
			);
			path = Pods;
			sourceTree = "<group>";
		};
		A82FF29B2345E8A700EE1807 /* Presentation */ = {
			isa = PBXGroup;
			children = (
			);
			path = Presentation;
			sourceTree = "<group>";
		};
		A82FF29C2345E8BA00EE1807 /* Resources */ = {
			isa = PBXGroup;
			children = (
				A82FF2A62345EB6600EE1807 /* R.generated.swift */,
				A82FF29E2345E8F700EE1807 /* Launch */,
				A82FF29D2345E8E900EE1807 /* Images */,
			);
			path = Resources;
			sourceTree = "<group>";
		};
		A82FF29D2345E8E900EE1807 /* Images */ = {
			isa = PBXGroup;
			children = (
				A877020523336E6F002EA095 /* Assets.xcassets */,
			);
			path = Images;
			sourceTree = "<group>";
		};
		A82FF29E2345E8F700EE1807 /* Launch */ = {
			isa = PBXGroup;
			children = (
				A877020723336E6F002EA095 /* LaunchScreen.storyboard */,
			);
			path = Launch;
			sourceTree = "<group>";
		};
		A82FF29F2345E92B00EE1807 /* SupportingFiles */ = {
			isa = PBXGroup;
			children = (
				A877020A23336E6F002EA095 /* Info.plist */,
			);
			path = SupportingFiles;
			sourceTree = "<group>";
		};
		A82FF2A02345E97400EE1807 /* BusinessLogic */ = {
			isa = PBXGroup;
			children = (
				A82FF2AF2346065300EE1807 /* Services */,
			);
			path = BusinessLogic;
			sourceTree = "<group>";
		};
		A82FF2A12345E97900EE1807 /* Models */ = {
			isa = PBXGroup;
			children = (
				A82FF2AE2345FBD700EE1807 /* Common */,
			);
			path = Models;
			sourceTree = "<group>";
		};
		A82FF2A22345E98600EE1807 /* Application */ = {
			isa = PBXGroup;
			children = (
				A87701FE23336E6E002EA095 /* AppDelegate.swift */,
				A82FF2BA2346E96F00EE1807 /* ApplicationAssembly.swift */,
			);
			path = Application;
			sourceTree = "<group>";
		};
		A82FF2A32345EA3700EE1807 /* Configuration */ = {
			isa = PBXGroup;
			children = (
				A82FF2A42345EA3B00EE1807 /* Private */,
			);
			path = Configuration;
			sourceTree = "<group>";
		};
		A82FF2A42345EA3B00EE1807 /* Private */ = {
			isa = PBXGroup;
			children = (
			);
			path = Private;
			sourceTree = "<group>";
		};
		A82FF2AE2345FBD700EE1807 /* Common */ = {
			isa = PBXGroup;
			children = (
				A82FF2AC2345F81A00EE1807 /* Event.swift */,
				A82FF2AA2345F60F00EE1807 /* Game.swift */,
				A82FF2A82345F23C00EE1807 /* User.swift */,
			);
			path = Common;
			sourceTree = "<group>";
		};
		A82FF2AF2346065300EE1807 /* Services */ = {
			isa = PBXGroup;
			children = (
				A82FF2B02346068A00EE1807 /* Event */,
				A82FF2B62346E73100EE1807 /* HardcodedStorage.swift */,
			);
			path = Services;
			sourceTree = "<group>";
		};
		A82FF2B02346068A00EE1807 /* Event */ = {
			isa = PBXGroup;
			children = (
				A82FF2B1234606B700EE1807 /* EventService.swift */,
				A82FF2B82346E91D00EE1807 /* EventServiceAssemblyContainer.swift */,
			);
			path = Event;
			sourceTree = "<group>";
		};
		A82FF2B323460E6100EE1807 /* Constants */ = {
			isa = PBXGroup;
			children = (
				A82FF2B423460E7900EE1807 /* Constants.swift */,
			);
			path = Constants;
			sourceTree = "<group>";
		};
		A87701F223336E6E002EA095 = {
			isa = PBXGroup;
			children = (
				A87701FD23336E6E002EA095 /* Cooplay */,
				A87701FC23336E6E002EA095 /* Products */,
				618666405E3843E32A72C4E0 /* Pods */,
				D0DFD0D1889AEBF25C6681CF /* Frameworks */,
			);
			sourceTree = "<group>";
		};
		A87701FC23336E6E002EA095 /* Products */ = {
			isa = PBXGroup;
			children = (
				A87701FB23336E6E002EA095 /* Cooplay.app */,
			);
			name = Products;
			sourceTree = "<group>";
		};
		A87701FD23336E6E002EA095 /* Cooplay */ = {
			isa = PBXGroup;
			children = (
				A82FF2B323460E6100EE1807 /* Constants */,
				A82FF2A32345EA3700EE1807 /* Configuration */,
				A82FF2A22345E98600EE1807 /* Application */,
				A82FF2A12345E97900EE1807 /* Models */,
				A82FF2A02345E97400EE1807 /* BusinessLogic */,
				A82FF29B2345E8A700EE1807 /* Presentation */,
				A82FF29F2345E92B00EE1807 /* SupportingFiles */,
				A82FF29C2345E8BA00EE1807 /* Resources */,
				A877020023336E6E002EA095 /* ViewController.swift */,
				A877020223336E6E002EA095 /* Main.storyboard */,
			);
			path = Cooplay;
			sourceTree = "<group>";
		};
		D0DFD0D1889AEBF25C6681CF /* Frameworks */ = {
			isa = PBXGroup;
			children = (
				7D1952A5037E2BEBE7EC02B2 /* Pods_Cooplay.framework */,
			);
			name = Frameworks;
			sourceTree = "<group>";
		};
/* End PBXGroup section */

/* Begin PBXNativeTarget section */
		A87701FA23336E6E002EA095 /* Cooplay */ = {
			isa = PBXNativeTarget;
			buildConfigurationList = A877020D23336E6F002EA095 /* Build configuration list for PBXNativeTarget "Cooplay" */;
			buildPhases = (
				E5943C9F4EE76E133AA84F0B /* [CP] Check Pods Manifest.lock */,
				A82FF2A52345EA6300EE1807 /* R.swift */,
				A87701F723336E6E002EA095 /* Sources */,
				A87701F823336E6E002EA095 /* Frameworks */,
				A87701F923336E6E002EA095 /* Resources */,
				935AEAC71EADD8F3716E6E71 /* [CP] Embed Pods Frameworks */,
			);
			buildRules = (
			);
			dependencies = (
			);
			name = Cooplay;
			productName = Cooplay;
			productReference = A87701FB23336E6E002EA095 /* Cooplay.app */;
			productType = "com.apple.product-type.application";
		};
/* End PBXNativeTarget section */

/* Begin PBXProject section */
		A87701F323336E6E002EA095 /* Project object */ = {
			isa = PBXProject;
			attributes = {
				LastSwiftUpdateCheck = 1030;
				LastUpgradeCheck = 1030;
				ORGANIZATIONNAME = Ovchinnikov;
				TargetAttributes = {
					A87701FA23336E6E002EA095 = {
						CreatedOnToolsVersion = 10.3;
					};
				};
			};
			buildConfigurationList = A87701F623336E6E002EA095 /* Build configuration list for PBXProject "Cooplay" */;
			compatibilityVersion = "Xcode 9.3";
			developmentRegion = en;
			hasScannedForEncodings = 0;
			knownRegions = (
				en,
				Base,
			);
			mainGroup = A87701F223336E6E002EA095;
			productRefGroup = A87701FC23336E6E002EA095 /* Products */;
			projectDirPath = "";
			projectRoot = "";
			targets = (
				A87701FA23336E6E002EA095 /* Cooplay */,
			);
		};
/* End PBXProject section */

/* Begin PBXResourcesBuildPhase section */
		A87701F923336E6E002EA095 /* Resources */ = {
			isa = PBXResourcesBuildPhase;
			buildActionMask = 2147483647;
			files = (
				A877020923336E6F002EA095 /* LaunchScreen.storyboard in Resources */,
				A877020623336E6F002EA095 /* Assets.xcassets in Resources */,
				A877020423336E6E002EA095 /* Main.storyboard in Resources */,
			);
			runOnlyForDeploymentPostprocessing = 0;
		};
/* End PBXResourcesBuildPhase section */

/* Begin PBXShellScriptBuildPhase section */
		935AEAC71EADD8F3716E6E71 /* [CP] Embed Pods Frameworks */ = {
			isa = PBXShellScriptBuildPhase;
			buildActionMask = 2147483647;
			files = (
			);
			inputFileListPaths = (
			);
			inputPaths = (
				"${PODS_ROOT}/Target Support Files/Pods-Cooplay/Pods-Cooplay-frameworks.sh",
				"${BUILT_PRODUCTS_DIR}/LightRoute/LightRoute.framework",
				"${BUILT_PRODUCTS_DIR}/R.swift.Library/Rswift.framework",
				"${BUILT_PRODUCTS_DIR}/Swinject/Swinject.framework",
				"${BUILT_PRODUCTS_DIR}/SwinjectStoryboard/SwinjectStoryboard.framework",
			);
			name = "[CP] Embed Pods Frameworks";
			outputFileListPaths = (
			);
			outputPaths = (
				"${TARGET_BUILD_DIR}/${FRAMEWORKS_FOLDER_PATH}/LightRoute.framework",
				"${TARGET_BUILD_DIR}/${FRAMEWORKS_FOLDER_PATH}/Rswift.framework",
				"${TARGET_BUILD_DIR}/${FRAMEWORKS_FOLDER_PATH}/Swinject.framework",
				"${TARGET_BUILD_DIR}/${FRAMEWORKS_FOLDER_PATH}/SwinjectStoryboard.framework",
			);
			runOnlyForDeploymentPostprocessing = 0;
			shellPath = /bin/sh;
			shellScript = "\"${PODS_ROOT}/Target Support Files/Pods-Cooplay/Pods-Cooplay-frameworks.sh\"\n";
			showEnvVarsInLog = 0;
		};
		A82FF2A52345EA6300EE1807 /* R.swift */ = {
			isa = PBXShellScriptBuildPhase;
			buildActionMask = 2147483647;
			files = (
			);
			inputFileListPaths = (
			);
			inputPaths = (
				"$TEMP_DIR/rswift-lastrun",
			);
			name = R.swift;
			outputFileListPaths = (
			);
			outputPaths = (
				$SRCROOT/Cooplay/Resources/R.generated.swift,
			);
			runOnlyForDeploymentPostprocessing = 0;
			shellPath = /bin/sh;
			shellScript = "\"$PODS_ROOT/R.swift/rswift\" generate \"$SRCROOT\"/Cooplay/Resources/R.generated.swift\n";
		};
		E5943C9F4EE76E133AA84F0B /* [CP] Check Pods Manifest.lock */ = {
			isa = PBXShellScriptBuildPhase;
			buildActionMask = 2147483647;
			files = (
			);
			inputFileListPaths = (
			);
			inputPaths = (
				"${PODS_PODFILE_DIR_PATH}/Podfile.lock",
				"${PODS_ROOT}/Manifest.lock",
			);
			name = "[CP] Check Pods Manifest.lock";
			outputFileListPaths = (
			);
			outputPaths = (
				"$(DERIVED_FILE_DIR)/Pods-Cooplay-checkManifestLockResult.txt",
			);
			runOnlyForDeploymentPostprocessing = 0;
			shellPath = /bin/sh;
			shellScript = "diff \"${PODS_PODFILE_DIR_PATH}/Podfile.lock\" \"${PODS_ROOT}/Manifest.lock\" > /dev/null\nif [ $? != 0 ] ; then\n    # print error to STDERR\n    echo \"error: The sandbox is not in sync with the Podfile.lock. Run 'pod install' or update your CocoaPods installation.\" >&2\n    exit 1\nfi\n# This output is used by Xcode 'outputs' to avoid re-running this script phase.\necho \"SUCCESS\" > \"${SCRIPT_OUTPUT_FILE_0}\"\n";
			showEnvVarsInLog = 0;
		};
/* End PBXShellScriptBuildPhase section */

/* Begin PBXSourcesBuildPhase section */
		A87701F723336E6E002EA095 /* Sources */ = {
			isa = PBXSourcesBuildPhase;
			buildActionMask = 2147483647;
			files = (
				A82FF2A92345F23C00EE1807 /* User.swift in Sources */,
				A82FF2AB2345F60F00EE1807 /* Game.swift in Sources */,
				A877020123336E6E002EA095 /* ViewController.swift in Sources */,
				A87701FF23336E6E002EA095 /* AppDelegate.swift in Sources */,
				A82FF2BB2346E96F00EE1807 /* ApplicationAssembly.swift in Sources */,
				A82FF2AD2345F81A00EE1807 /* Event.swift in Sources */,
				A82FF2B72346E73100EE1807 /* HardcodedStorage.swift in Sources */,
				A82FF2B92346E91D00EE1807 /* EventServiceAssemblyContainer.swift in Sources */,
				A82FF2A72345EB6600EE1807 /* R.generated.swift in Sources */,
				A82FF2B2234606B700EE1807 /* EventService.swift in Sources */,
				A82FF2B523460E7900EE1807 /* Constants.swift in Sources */,
			);
			runOnlyForDeploymentPostprocessing = 0;
		};
/* End PBXSourcesBuildPhase section */

/* Begin PBXVariantGroup section */
		A877020223336E6E002EA095 /* Main.storyboard */ = {
			isa = PBXVariantGroup;
			children = (
				A877020323336E6E002EA095 /* Base */,
			);
			name = Main.storyboard;
			sourceTree = "<group>";
		};
		A877020723336E6F002EA095 /* LaunchScreen.storyboard */ = {
			isa = PBXVariantGroup;
			children = (
				A877020823336E6F002EA095 /* Base */,
			);
			name = LaunchScreen.storyboard;
			sourceTree = "<group>";
		};
/* End PBXVariantGroup section */

/* Begin XCBuildConfiguration section */
		A877020B23336E6F002EA095 /* Debug */ = {
			isa = XCBuildConfiguration;
			buildSettings = {
				ALWAYS_SEARCH_USER_PATHS = NO;
				CLANG_ANALYZER_NONNULL = YES;
				CLANG_ANALYZER_NUMBER_OBJECT_CONVERSION = YES_AGGRESSIVE;
				CLANG_CXX_LANGUAGE_STANDARD = "gnu++14";
				CLANG_CXX_LIBRARY = "libc++";
				CLANG_ENABLE_MODULES = YES;
				CLANG_ENABLE_OBJC_ARC = YES;
				CLANG_ENABLE_OBJC_WEAK = YES;
				CLANG_WARN_BLOCK_CAPTURE_AUTORELEASING = YES;
				CLANG_WARN_BOOL_CONVERSION = YES;
				CLANG_WARN_COMMA = YES;
				CLANG_WARN_CONSTANT_CONVERSION = YES;
				CLANG_WARN_DEPRECATED_OBJC_IMPLEMENTATIONS = YES;
				CLANG_WARN_DIRECT_OBJC_ISA_USAGE = YES_ERROR;
				CLANG_WARN_DOCUMENTATION_COMMENTS = YES;
				CLANG_WARN_EMPTY_BODY = YES;
				CLANG_WARN_ENUM_CONVERSION = YES;
				CLANG_WARN_INFINITE_RECURSION = YES;
				CLANG_WARN_INT_CONVERSION = YES;
				CLANG_WARN_NON_LITERAL_NULL_CONVERSION = YES;
				CLANG_WARN_OBJC_IMPLICIT_RETAIN_SELF = YES;
				CLANG_WARN_OBJC_LITERAL_CONVERSION = YES;
				CLANG_WARN_OBJC_ROOT_CLASS = YES_ERROR;
				CLANG_WARN_RANGE_LOOP_ANALYSIS = YES;
				CLANG_WARN_STRICT_PROTOTYPES = YES;
				CLANG_WARN_SUSPICIOUS_MOVE = YES;
				CLANG_WARN_UNGUARDED_AVAILABILITY = YES_AGGRESSIVE;
				CLANG_WARN_UNREACHABLE_CODE = YES;
				CLANG_WARN__DUPLICATE_METHOD_MATCH = YES;
				CODE_SIGN_IDENTITY = "iPhone Developer";
				COPY_PHASE_STRIP = NO;
				DEBUG_INFORMATION_FORMAT = dwarf;
				ENABLE_STRICT_OBJC_MSGSEND = YES;
				ENABLE_TESTABILITY = YES;
				GCC_C_LANGUAGE_STANDARD = gnu11;
				GCC_DYNAMIC_NO_PIC = NO;
				GCC_NO_COMMON_BLOCKS = YES;
				GCC_OPTIMIZATION_LEVEL = 0;
				GCC_PREPROCESSOR_DEFINITIONS = (
					"DEBUG=1",
					"$(inherited)",
				);
				GCC_WARN_64_TO_32_BIT_CONVERSION = YES;
				GCC_WARN_ABOUT_RETURN_TYPE = YES_ERROR;
				GCC_WARN_UNDECLARED_SELECTOR = YES;
				GCC_WARN_UNINITIALIZED_AUTOS = YES_AGGRESSIVE;
				GCC_WARN_UNUSED_FUNCTION = YES;
				GCC_WARN_UNUSED_VARIABLE = YES;
				IPHONEOS_DEPLOYMENT_TARGET = 12.4;
				MTL_ENABLE_DEBUG_INFO = INCLUDE_SOURCE;
				MTL_FAST_MATH = YES;
				ONLY_ACTIVE_ARCH = YES;
				SDKROOT = iphoneos;
				SWIFT_ACTIVE_COMPILATION_CONDITIONS = DEBUG;
				SWIFT_OPTIMIZATION_LEVEL = "-Onone";
			};
			name = Debug;
		};
		A877020C23336E6F002EA095 /* Release */ = {
			isa = XCBuildConfiguration;
			buildSettings = {
				ALWAYS_SEARCH_USER_PATHS = NO;
				CLANG_ANALYZER_NONNULL = YES;
				CLANG_ANALYZER_NUMBER_OBJECT_CONVERSION = YES_AGGRESSIVE;
				CLANG_CXX_LANGUAGE_STANDARD = "gnu++14";
				CLANG_CXX_LIBRARY = "libc++";
				CLANG_ENABLE_MODULES = YES;
				CLANG_ENABLE_OBJC_ARC = YES;
				CLANG_ENABLE_OBJC_WEAK = YES;
				CLANG_WARN_BLOCK_CAPTURE_AUTORELEASING = YES;
				CLANG_WARN_BOOL_CONVERSION = YES;
				CLANG_WARN_COMMA = YES;
				CLANG_WARN_CONSTANT_CONVERSION = YES;
				CLANG_WARN_DEPRECATED_OBJC_IMPLEMENTATIONS = YES;
				CLANG_WARN_DIRECT_OBJC_ISA_USAGE = YES_ERROR;
				CLANG_WARN_DOCUMENTATION_COMMENTS = YES;
				CLANG_WARN_EMPTY_BODY = YES;
				CLANG_WARN_ENUM_CONVERSION = YES;
				CLANG_WARN_INFINITE_RECURSION = YES;
				CLANG_WARN_INT_CONVERSION = YES;
				CLANG_WARN_NON_LITERAL_NULL_CONVERSION = YES;
				CLANG_WARN_OBJC_IMPLICIT_RETAIN_SELF = YES;
				CLANG_WARN_OBJC_LITERAL_CONVERSION = YES;
				CLANG_WARN_OBJC_ROOT_CLASS = YES_ERROR;
				CLANG_WARN_RANGE_LOOP_ANALYSIS = YES;
				CLANG_WARN_STRICT_PROTOTYPES = YES;
				CLANG_WARN_SUSPICIOUS_MOVE = YES;
				CLANG_WARN_UNGUARDED_AVAILABILITY = YES_AGGRESSIVE;
				CLANG_WARN_UNREACHABLE_CODE = YES;
				CLANG_WARN__DUPLICATE_METHOD_MATCH = YES;
				CODE_SIGN_IDENTITY = "iPhone Developer";
				COPY_PHASE_STRIP = NO;
				DEBUG_INFORMATION_FORMAT = "dwarf-with-dsym";
				ENABLE_NS_ASSERTIONS = NO;
				ENABLE_STRICT_OBJC_MSGSEND = YES;
				GCC_C_LANGUAGE_STANDARD = gnu11;
				GCC_NO_COMMON_BLOCKS = YES;
				GCC_WARN_64_TO_32_BIT_CONVERSION = YES;
				GCC_WARN_ABOUT_RETURN_TYPE = YES_ERROR;
				GCC_WARN_UNDECLARED_SELECTOR = YES;
				GCC_WARN_UNINITIALIZED_AUTOS = YES_AGGRESSIVE;
				GCC_WARN_UNUSED_FUNCTION = YES;
				GCC_WARN_UNUSED_VARIABLE = YES;
				IPHONEOS_DEPLOYMENT_TARGET = 12.4;
				MTL_ENABLE_DEBUG_INFO = NO;
				MTL_FAST_MATH = YES;
				SDKROOT = iphoneos;
				SWIFT_COMPILATION_MODE = wholemodule;
				SWIFT_OPTIMIZATION_LEVEL = "-O";
				VALIDATE_PRODUCT = YES;
			};
			name = Release;
		};
		A877020E23336E6F002EA095 /* Debug */ = {
			isa = XCBuildConfiguration;
			baseConfigurationReference = BBB56DA1364DE814BF318F34 /* Pods-Cooplay.debug.xcconfig */;
			buildSettings = {
				ASSETCATALOG_COMPILER_APPICON_NAME = AppIcon;
				CODE_SIGN_STYLE = Automatic;
				INFOPLIST_FILE = Cooplay/SupportingFiles/Info.plist;
				IPHONEOS_DEPLOYMENT_TARGET = 11.0;
				LD_RUNPATH_SEARCH_PATHS = (
					"$(inherited)",
					"@executable_path/Frameworks",
				);
				PRODUCT_BUNDLE_IDENTIFIER = ovchinnikov.Cooplay;
				PRODUCT_NAME = "$(TARGET_NAME)";
				SWIFT_VERSION = 5.0;
				TARGETED_DEVICE_FAMILY = "1,2";
			};
			name = Debug;
		};
		A877020F23336E6F002EA095 /* Release */ = {
			isa = XCBuildConfiguration;
			baseConfigurationReference = 0EA6DED6AE53EB86801DC0B1 /* Pods-Cooplay.release.xcconfig */;
			buildSettings = {
				ASSETCATALOG_COMPILER_APPICON_NAME = AppIcon;
				CODE_SIGN_STYLE = Automatic;
				INFOPLIST_FILE = Cooplay/SupportingFiles/Info.plist;
				IPHONEOS_DEPLOYMENT_TARGET = 11.0;
				LD_RUNPATH_SEARCH_PATHS = (
					"$(inherited)",
					"@executable_path/Frameworks",
				);
				PRODUCT_BUNDLE_IDENTIFIER = ovchinnikov.Cooplay;
				PRODUCT_NAME = "$(TARGET_NAME)";
				SWIFT_VERSION = 5.0;
				TARGETED_DEVICE_FAMILY = "1,2";
			};
			name = Release;
		};
/* End XCBuildConfiguration section */

/* Begin XCConfigurationList section */
		A87701F623336E6E002EA095 /* Build configuration list for PBXProject "Cooplay" */ = {
			isa = XCConfigurationList;
			buildConfigurations = (
				A877020B23336E6F002EA095 /* Debug */,
				A877020C23336E6F002EA095 /* Release */,
			);
			defaultConfigurationIsVisible = 0;
			defaultConfigurationName = Release;
		};
		A877020D23336E6F002EA095 /* Build configuration list for PBXNativeTarget "Cooplay" */ = {
			isa = XCConfigurationList;
			buildConfigurations = (
				A877020E23336E6F002EA095 /* Debug */,
				A877020F23336E6F002EA095 /* Release */,
			);
			defaultConfigurationIsVisible = 0;
			defaultConfigurationName = Release;
		};
/* End XCConfigurationList section */
	};
	rootObject = A87701F323336E6E002EA095 /* Project object */;
}
