// !$*UTF8*$!
{
	archiveVersion = 1;
	classes = {
	};
	objectVersion = 48;
	objects = {

/* Begin PBXBuildFile section */
		13C2397E561E118C61089D9C /* EventsListPresenter.swift in Sources */ = {isa = PBXBuildFile; fileRef = 58E18459CE62AE534539FD03 /* EventsListPresenter.swift */; };
		24CE747C0566B86CF25D5FA4 /* EventsListRouterInput.swift in Sources */ = {isa = PBXBuildFile; fileRef = F750B1AB809009EC60D7869D /* EventsListRouterInput.swift */; };
		7DB64F4707350447EB574368 /* EventsListInteractorInput.swift in Sources */ = {isa = PBXBuildFile; fileRef = AB8F77D78D04E1B4520D7CEB /* EventsListInteractorInput.swift */; };
		7F1C72E77A81931B8AE29312 /* EventsList.storyboard in Resources */ = {isa = PBXBuildFile; fileRef = CD83474AD5A4FB2BE789AD92 /* EventsList.storyboard */; };
		81A4314CFFAFBF7266DAB0CE /* EventsListRouter.swift in Sources */ = {isa = PBXBuildFile; fileRef = F93861AA1E906EB8104B0ED2 /* EventsListRouter.swift */; };
		826D5FA28F3CAFD0816DC345 /* EventsListViewInput.swift in Sources */ = {isa = PBXBuildFile; fileRef = D17E8393F3A67C933D36F4DA /* EventsListViewInput.swift */; };
		840F45A281750C1F724974A1 /* EventsListModuleInput.swift in Sources */ = {isa = PBXBuildFile; fileRef = D870143F1DE7E415769F4306 /* EventsListModuleInput.swift */; };
		9BC45A8D018A3E62CF4AF625 /* EventsListViewController.swift in Sources */ = {isa = PBXBuildFile; fileRef = 16F78D0DA3753B15C262B74E /* EventsListViewController.swift */; };
		A82FF2A72345EB6600EE1807 /* R.generated.swift in Sources */ = {isa = PBXBuildFile; fileRef = A82FF2A62345EB6600EE1807 /* R.generated.swift */; };
		A82FF2A92345F23C00EE1807 /* User.swift in Sources */ = {isa = PBXBuildFile; fileRef = A82FF2A82345F23C00EE1807 /* User.swift */; };
		A82FF2AB2345F60F00EE1807 /* Game.swift in Sources */ = {isa = PBXBuildFile; fileRef = A82FF2AA2345F60F00EE1807 /* Game.swift */; };
		A82FF2AD2345F81A00EE1807 /* Event.swift in Sources */ = {isa = PBXBuildFile; fileRef = A82FF2AC2345F81A00EE1807 /* Event.swift */; };
		A82FF2B2234606B700EE1807 /* EventService.swift in Sources */ = {isa = PBXBuildFile; fileRef = A82FF2B1234606B700EE1807 /* EventService.swift */; };
		A82FF2B523460E7900EE1807 /* Constants.swift in Sources */ = {isa = PBXBuildFile; fileRef = A82FF2B423460E7900EE1807 /* Constants.swift */; };
		A82FF2B72346E73100EE1807 /* HardcodedStorage.swift in Sources */ = {isa = PBXBuildFile; fileRef = A82FF2B62346E73100EE1807 /* HardcodedStorage.swift */; };
		A82FF2B92346E91D00EE1807 /* EventServiceAssemblyContainer.swift in Sources */ = {isa = PBXBuildFile; fileRef = A82FF2B82346E91D00EE1807 /* EventServiceAssemblyContainer.swift */; };
		A82FF2BB2346E96F00EE1807 /* ApplicationAssembly.swift in Sources */ = {isa = PBXBuildFile; fileRef = A82FF2BA2346E96F00EE1807 /* ApplicationAssembly.swift */; };
		A82FF2C12346F4C500EE1807 /* AvatarView.xib in Resources */ = {isa = PBXBuildFile; fileRef = A82FF2C02346F4C500EE1807 /* AvatarView.xib */; };
		A82FF2C32346F5D200EE1807 /* AvatarView.swift in Sources */ = {isa = PBXBuildFile; fileRef = A82FF2C22346F5D200EE1807 /* AvatarView.swift */; };
		A82FF2C62346F6AB00EE1807 /* AvatarViewModel.swift in Sources */ = {isa = PBXBuildFile; fileRef = A82FF2C52346F6AB00EE1807 /* AvatarViewModel.swift */; };
		A82FF2CA2346F81300EE1807 /* UIColor.swift in Sources */ = {isa = PBXBuildFile; fileRef = A82FF2C92346F81300EE1807 /* UIColor.swift */; };
		A82FF2CC2347043F00EE1807 /* UIImageView.swift in Sources */ = {isa = PBXBuildFile; fileRef = A82FF2CB2347043F00EE1807 /* UIImageView.swift */; };
		A82FF2CF234714BD00EE1807 /* Localizable.strings in Resources */ = {isa = PBXBuildFile; fileRef = A82FF2CE234714BD00EE1807 /* Localizable.strings */; };
		A82FF2D42347193000EE1807 /* EventCell.swift in Sources */ = {isa = PBXBuildFile; fileRef = A82FF2D22347193000EE1807 /* EventCell.swift */; };
		A82FF2D52347193000EE1807 /* EventCell.xib in Resources */ = {isa = PBXBuildFile; fileRef = A82FF2D32347193000EE1807 /* EventCell.xib */; };
		A82FF2D82347228600EE1807 /* EventCellViewModel.swift in Sources */ = {isa = PBXBuildFile; fileRef = A82FF2D72347228600EE1807 /* EventCellViewModel.swift */; };
		A82FF2DB234729C900EE1807 /* Colors.xcassets in Resources */ = {isa = PBXBuildFile; fileRef = A82FF2DA234729C900EE1807 /* Colors.xcassets */; };
		A82FF2DD2347492B00EE1807 /* String.swift in Sources */ = {isa = PBXBuildFile; fileRef = A82FF2DC2347492B00EE1807 /* String.swift */; };
		A82FF2E023474C2700EE1807 /* Date.swift in Sources */ = {isa = PBXBuildFile; fileRef = A82FF2DF23474C2700EE1807 /* Date.swift */; };
		A8352345237960C7005655FB /* InvitedEventCellViewModel.swift in Sources */ = {isa = PBXBuildFile; fileRef = A8352344237960C7005655FB /* InvitedEventCellViewModel.swift */; };
		A83D43722379711C00DFFCF7 /* EventSectionСollapsibleHeaderView.swift in Sources */ = {isa = PBXBuildFile; fileRef = A83D43712379711C00DFFCF7 /* EventSectionСollapsibleHeaderView.swift */; };
		A83D43742379715A00DFFCF7 /* EventSectionСollapsibleHeaderViewModel.swift in Sources */ = {isa = PBXBuildFile; fileRef = A83D43732379715A00DFFCF7 /* EventSectionСollapsibleHeaderViewModel.swift */; };
		A844BDE92379A13500EE4A3E /* InvitationsHeaderCell.swift in Sources */ = {isa = PBXBuildFile; fileRef = A844BDE72379A13500EE4A3E /* InvitationsHeaderCell.swift */; };
		A844BDEA2379A13500EE4A3E /* InvitationsHeaderCell.xib in Resources */ = {isa = PBXBuildFile; fileRef = A844BDE82379A13500EE4A3E /* InvitationsHeaderCell.xib */; };
		A844BDEC2379A20600EE4A3E /* InvitationsHeaderCellViewModel.swift in Sources */ = {isa = PBXBuildFile; fileRef = A844BDEB2379A20600EE4A3E /* InvitationsHeaderCellViewModel.swift */; };
		A860277923757676004E45AB /* ContextMenuRouter.swift in Sources */ = {isa = PBXBuildFile; fileRef = A860277823757676004E45AB /* ContextMenuRouter.swift */; };
		A8641A1A23644A9800BD3EAA /* EventSectionHeaderView.swift in Sources */ = {isa = PBXBuildFile; fileRef = A8641A1923644A9800BD3EAA /* EventSectionHeaderView.swift */; };
		A87701FF23336E6E002EA095 /* AppDelegate.swift in Sources */ = {isa = PBXBuildFile; fileRef = A87701FE23336E6E002EA095 /* AppDelegate.swift */; };
		A877020123336E6E002EA095 /* ViewController.swift in Sources */ = {isa = PBXBuildFile; fileRef = A877020023336E6E002EA095 /* ViewController.swift */; };
		A877020623336E6F002EA095 /* Assets.xcassets in Resources */ = {isa = PBXBuildFile; fileRef = A877020523336E6F002EA095 /* Assets.xcassets */; };
		A877020923336E6F002EA095 /* LaunchScreen.storyboard in Resources */ = {isa = PBXBuildFile; fileRef = A877020723336E6F002EA095 /* LaunchScreen.storyboard */; };
		A8CB076B236876D800168EB6 /* MenuItem.swift in Sources */ = {isa = PBXBuildFile; fileRef = A8CB076A236876D800168EB6 /* MenuItem.swift */; };
		A8D1D26C2356F83F00DA1089 /* UIBarButtonItem.swift in Sources */ = {isa = PBXBuildFile; fileRef = A8D1D26B2356F83F00DA1089 /* UIBarButtonItem.swift */; };
		A8D1D26E2356F8A400DA1089 /* UIButton.swift in Sources */ = {isa = PBXBuildFile; fileRef = A8D1D26D2356F8A400DA1089 /* UIButton.swift */; };
		A8D1D2702356F8C800DA1089 /* UILabel.swift in Sources */ = {isa = PBXBuildFile; fileRef = A8D1D26F2356F8C800DA1089 /* UILabel.swift */; };
		A8D1D2722356F8F400DA1089 /* UINavigationItem.swift in Sources */ = {isa = PBXBuildFile; fileRef = A8D1D2712356F8F400DA1089 /* UINavigationItem.swift */; };
		A8D1D2742356F91900DA1089 /* UISearchBar.swift in Sources */ = {isa = PBXBuildFile; fileRef = A8D1D2732356F91900DA1089 /* UISearchBar.swift */; };
		A8D1D2762356F93600DA1089 /* UITabBarItem.swift in Sources */ = {isa = PBXBuildFile; fileRef = A8D1D2752356F93600DA1089 /* UITabBarItem.swift */; };
		A8D1D2782356F96300DA1089 /* UITextField.swift in Sources */ = {isa = PBXBuildFile; fileRef = A8D1D2772356F96300DA1089 /* UITextField.swift */; };
		A8D1D27E2357070A00DA1089 /* ActiveEventCell.swift in Sources */ = {isa = PBXBuildFile; fileRef = A8D1D27C2357070A00DA1089 /* ActiveEventCell.swift */; };
		A8D1D27F2357070A00DA1089 /* ActiveEventCell.xib in Resources */ = {isa = PBXBuildFile; fileRef = A8D1D27D2357070A00DA1089 /* ActiveEventCell.xib */; };
		A8D1D2812357243C00DA1089 /* ActiveEventCellViewModel.swift in Sources */ = {isa = PBXBuildFile; fileRef = A8D1D2802357243C00DA1089 /* ActiveEventCellViewModel.swift */; };
		A8D1D28823572B7300DA1089 /* MemberStatusView.swift in Sources */ = {isa = PBXBuildFile; fileRef = A8D1D28723572B7300DA1089 /* MemberStatusView.swift */; };
		A8D1D28A2357306800DA1089 /* MemberStatusViewModel.swift in Sources */ = {isa = PBXBuildFile; fileRef = A8D1D2892357306800DA1089 /* MemberStatusViewModel.swift */; };
		A8D1D295235EEEDA00DA1089 /* StatusContextView.swift in Sources */ = {isa = PBXBuildFile; fileRef = A8D1D294235EEEDA00DA1089 /* StatusContextView.swift */; };
		A8D1D299235F002B00DA1089 /* StatusMenuView.swift in Sources */ = {isa = PBXBuildFile; fileRef = A8D1D298235F002B00DA1089 /* StatusMenuView.swift */; };
		A8D1D29F2361884000DA1089 /* UIView.swift in Sources */ = {isa = PBXBuildFile; fileRef = A8D1D29E2361884000DA1089 /* UIView.swift */; };
		A8D1D2A42362EBD500DA1089 /* ActivityIndicatorRenderer.swift in Sources */ = {isa = PBXBuildFile; fileRef = A8D1D2A32362EBD500DA1089 /* ActivityIndicatorRenderer.swift */; };
		A8D1D2A82362ED0900DA1089 /* ArrowsActivityIndicatorView.swift in Sources */ = {isa = PBXBuildFile; fileRef = A8D1D2A72362ED0900DA1089 /* ArrowsActivityIndicatorView.swift */; };
		A8DFD4E8237292DF00F48B37 /* InvitedEventCell.swift in Sources */ = {isa = PBXBuildFile; fileRef = A8DFD4E7237292DF00F48B37 /* InvitedEventCell.swift */; };
		A8DFD4EA237292EA00F48B37 /* InvitedEventCell.xib in Resources */ = {isa = PBXBuildFile; fileRef = A8DFD4E9237292EA00F48B37 /* InvitedEventCell.xib */; };
		A8DFD4ED2372AA4100F48B37 /* InventedHeaderView.xib in Resources */ = {isa = PBXBuildFile; fileRef = A8DFD4EC2372AA4100F48B37 /* InventedHeaderView.xib */; };
		A8DFD4EF2372AA4C00F48B37 /* InventedHeaderView.swift in Sources */ = {isa = PBXBuildFile; fileRef = A8DFD4EE2372AA4C00F48B37 /* InventedHeaderView.swift */; };
		C56A081CF34CA62526D03FF3 /* Pods_Cooplay.framework in Frameworks */ = {isa = PBXBuildFile; fileRef = 7D1952A5037E2BEBE7EC02B2 /* Pods_Cooplay.framework */; };
		D87DC53E1508FB298599B461 /* EventsListAssemblyContainer.swift in Sources */ = {isa = PBXBuildFile; fileRef = E231ABFDE27D6EA24396F185 /* EventsListAssemblyContainer.swift */; };
		F36A34895BBD86EC81982DE0 /* EventsListInteractor.swift in Sources */ = {isa = PBXBuildFile; fileRef = 27B6192823AD722584C5D6A8 /* EventsListInteractor.swift */; };
/* End PBXBuildFile section */

/* Begin PBXFileReference section */
		0EA6DED6AE53EB86801DC0B1 /* Pods-Cooplay.release.xcconfig */ = {isa = PBXFileReference; includeInIndex = 1; lastKnownFileType = text.xcconfig; name = "Pods-Cooplay.release.xcconfig"; path = "Target Support Files/Pods-Cooplay/Pods-Cooplay.release.xcconfig"; sourceTree = "<group>"; };
		16F78D0DA3753B15C262B74E /* EventsListViewController.swift */ = {isa = PBXFileReference; includeInIndex = 1; lastKnownFileType = sourcecode.swift; path = EventsListViewController.swift; sourceTree = "<group>"; };
		27B6192823AD722584C5D6A8 /* EventsListInteractor.swift */ = {isa = PBXFileReference; includeInIndex = 1; lastKnownFileType = sourcecode.swift; path = EventsListInteractor.swift; sourceTree = "<group>"; };
		58E18459CE62AE534539FD03 /* EventsListPresenter.swift */ = {isa = PBXFileReference; includeInIndex = 1; lastKnownFileType = sourcecode.swift; path = EventsListPresenter.swift; sourceTree = "<group>"; };
		7D1952A5037E2BEBE7EC02B2 /* Pods_Cooplay.framework */ = {isa = PBXFileReference; explicitFileType = wrapper.framework; includeInIndex = 0; path = Pods_Cooplay.framework; sourceTree = BUILT_PRODUCTS_DIR; };
		A82FF2A62345EB6600EE1807 /* R.generated.swift */ = {isa = PBXFileReference; fileEncoding = 4; lastKnownFileType = sourcecode.swift; path = R.generated.swift; sourceTree = "<group>"; };
		A82FF2A82345F23C00EE1807 /* User.swift */ = {isa = PBXFileReference; lastKnownFileType = sourcecode.swift; path = User.swift; sourceTree = "<group>"; };
		A82FF2AA2345F60F00EE1807 /* Game.swift */ = {isa = PBXFileReference; lastKnownFileType = sourcecode.swift; path = Game.swift; sourceTree = "<group>"; };
		A82FF2AC2345F81A00EE1807 /* Event.swift */ = {isa = PBXFileReference; lastKnownFileType = sourcecode.swift; path = Event.swift; sourceTree = "<group>"; };
		A82FF2B1234606B700EE1807 /* EventService.swift */ = {isa = PBXFileReference; lastKnownFileType = sourcecode.swift; path = EventService.swift; sourceTree = "<group>"; };
		A82FF2B423460E7900EE1807 /* Constants.swift */ = {isa = PBXFileReference; lastKnownFileType = sourcecode.swift; path = Constants.swift; sourceTree = "<group>"; };
		A82FF2B62346E73100EE1807 /* HardcodedStorage.swift */ = {isa = PBXFileReference; lastKnownFileType = sourcecode.swift; path = HardcodedStorage.swift; sourceTree = "<group>"; };
		A82FF2B82346E91D00EE1807 /* EventServiceAssemblyContainer.swift */ = {isa = PBXFileReference; lastKnownFileType = sourcecode.swift; path = EventServiceAssemblyContainer.swift; sourceTree = "<group>"; };
		A82FF2BA2346E96F00EE1807 /* ApplicationAssembly.swift */ = {isa = PBXFileReference; lastKnownFileType = sourcecode.swift; path = ApplicationAssembly.swift; sourceTree = "<group>"; };
		A82FF2C02346F4C500EE1807 /* AvatarView.xib */ = {isa = PBXFileReference; lastKnownFileType = file.xib; path = AvatarView.xib; sourceTree = "<group>"; };
		A82FF2C22346F5D200EE1807 /* AvatarView.swift */ = {isa = PBXFileReference; lastKnownFileType = sourcecode.swift; path = AvatarView.swift; sourceTree = "<group>"; };
		A82FF2C52346F6AB00EE1807 /* AvatarViewModel.swift */ = {isa = PBXFileReference; lastKnownFileType = sourcecode.swift; path = AvatarViewModel.swift; sourceTree = "<group>"; };
		A82FF2C92346F81300EE1807 /* UIColor.swift */ = {isa = PBXFileReference; lastKnownFileType = sourcecode.swift; path = UIColor.swift; sourceTree = "<group>"; };
		A82FF2CB2347043F00EE1807 /* UIImageView.swift */ = {isa = PBXFileReference; lastKnownFileType = sourcecode.swift; path = UIImageView.swift; sourceTree = "<group>"; };
		A82FF2CE234714BD00EE1807 /* Localizable.strings */ = {isa = PBXFileReference; lastKnownFileType = text.plist.strings; path = Localizable.strings; sourceTree = "<group>"; };
		A82FF2D22347193000EE1807 /* EventCell.swift */ = {isa = PBXFileReference; lastKnownFileType = sourcecode.swift; path = EventCell.swift; sourceTree = "<group>"; };
		A82FF2D32347193000EE1807 /* EventCell.xib */ = {isa = PBXFileReference; lastKnownFileType = file.xib; path = EventCell.xib; sourceTree = "<group>"; };
		A82FF2D72347228600EE1807 /* EventCellViewModel.swift */ = {isa = PBXFileReference; lastKnownFileType = sourcecode.swift; path = EventCellViewModel.swift; sourceTree = "<group>"; };
		A82FF2DA234729C900EE1807 /* Colors.xcassets */ = {isa = PBXFileReference; lastKnownFileType = folder.assetcatalog; path = Colors.xcassets; sourceTree = "<group>"; };
		A82FF2DC2347492B00EE1807 /* String.swift */ = {isa = PBXFileReference; lastKnownFileType = sourcecode.swift; path = String.swift; sourceTree = "<group>"; };
		A82FF2DF23474C2700EE1807 /* Date.swift */ = {isa = PBXFileReference; lastKnownFileType = sourcecode.swift; path = Date.swift; sourceTree = "<group>"; };
		A8352344237960C7005655FB /* InvitedEventCellViewModel.swift */ = {isa = PBXFileReference; lastKnownFileType = sourcecode.swift; path = InvitedEventCellViewModel.swift; sourceTree = "<group>"; };
		A83D43712379711C00DFFCF7 /* EventSectionСollapsibleHeaderView.swift */ = {isa = PBXFileReference; lastKnownFileType = sourcecode.swift; path = "EventSectionСollapsibleHeaderView.swift"; sourceTree = "<group>"; };
		A83D43732379715A00DFFCF7 /* EventSectionСollapsibleHeaderViewModel.swift */ = {isa = PBXFileReference; lastKnownFileType = sourcecode.swift; path = "EventSectionСollapsibleHeaderViewModel.swift"; sourceTree = "<group>"; };
		A844BDE72379A13500EE4A3E /* InvitationsHeaderCell.swift */ = {isa = PBXFileReference; lastKnownFileType = sourcecode.swift; path = InvitationsHeaderCell.swift; sourceTree = "<group>"; };
		A844BDE82379A13500EE4A3E /* InvitationsHeaderCell.xib */ = {isa = PBXFileReference; lastKnownFileType = file.xib; path = InvitationsHeaderCell.xib; sourceTree = "<group>"; };
		A844BDEB2379A20600EE4A3E /* InvitationsHeaderCellViewModel.swift */ = {isa = PBXFileReference; lastKnownFileType = sourcecode.swift; path = InvitationsHeaderCellViewModel.swift; sourceTree = "<group>"; };
		A860277823757676004E45AB /* ContextMenuRouter.swift */ = {isa = PBXFileReference; lastKnownFileType = sourcecode.swift; path = ContextMenuRouter.swift; sourceTree = "<group>"; };
		A8641A1923644A9800BD3EAA /* EventSectionHeaderView.swift */ = {isa = PBXFileReference; lastKnownFileType = sourcecode.swift; path = EventSectionHeaderView.swift; sourceTree = "<group>"; };
		A87701FB23336E6E002EA095 /* Cooplay.app */ = {isa = PBXFileReference; explicitFileType = wrapper.application; includeInIndex = 0; path = Cooplay.app; sourceTree = BUILT_PRODUCTS_DIR; };
		A87701FE23336E6E002EA095 /* AppDelegate.swift */ = {isa = PBXFileReference; lastKnownFileType = sourcecode.swift; path = AppDelegate.swift; sourceTree = "<group>"; };
		A877020023336E6E002EA095 /* ViewController.swift */ = {isa = PBXFileReference; lastKnownFileType = sourcecode.swift; path = ViewController.swift; sourceTree = "<group>"; };
		A877020523336E6F002EA095 /* Assets.xcassets */ = {isa = PBXFileReference; lastKnownFileType = folder.assetcatalog; path = Assets.xcassets; sourceTree = "<group>"; };
		A877020823336E6F002EA095 /* Base */ = {isa = PBXFileReference; lastKnownFileType = file.storyboard; name = Base; path = Base.lproj/LaunchScreen.storyboard; sourceTree = "<group>"; };
		A877020A23336E6F002EA095 /* Info.plist */ = {isa = PBXFileReference; lastKnownFileType = text.plist.xml; path = Info.plist; sourceTree = "<group>"; };
		A8CB076A236876D800168EB6 /* MenuItem.swift */ = {isa = PBXFileReference; lastKnownFileType = sourcecode.swift; path = MenuItem.swift; sourceTree = "<group>"; };
		A8D1D26B2356F83F00DA1089 /* UIBarButtonItem.swift */ = {isa = PBXFileReference; lastKnownFileType = sourcecode.swift; path = UIBarButtonItem.swift; sourceTree = "<group>"; };
		A8D1D26D2356F8A400DA1089 /* UIButton.swift */ = {isa = PBXFileReference; lastKnownFileType = sourcecode.swift; path = UIButton.swift; sourceTree = "<group>"; };
		A8D1D26F2356F8C800DA1089 /* UILabel.swift */ = {isa = PBXFileReference; lastKnownFileType = sourcecode.swift; path = UILabel.swift; sourceTree = "<group>"; };
		A8D1D2712356F8F400DA1089 /* UINavigationItem.swift */ = {isa = PBXFileReference; lastKnownFileType = sourcecode.swift; path = UINavigationItem.swift; sourceTree = "<group>"; };
		A8D1D2732356F91900DA1089 /* UISearchBar.swift */ = {isa = PBXFileReference; lastKnownFileType = sourcecode.swift; path = UISearchBar.swift; sourceTree = "<group>"; };
		A8D1D2752356F93600DA1089 /* UITabBarItem.swift */ = {isa = PBXFileReference; lastKnownFileType = sourcecode.swift; path = UITabBarItem.swift; sourceTree = "<group>"; };
		A8D1D2772356F96300DA1089 /* UITextField.swift */ = {isa = PBXFileReference; lastKnownFileType = sourcecode.swift; path = UITextField.swift; sourceTree = "<group>"; };
		A8D1D27C2357070A00DA1089 /* ActiveEventCell.swift */ = {isa = PBXFileReference; lastKnownFileType = sourcecode.swift; path = ActiveEventCell.swift; sourceTree = "<group>"; };
		A8D1D27D2357070A00DA1089 /* ActiveEventCell.xib */ = {isa = PBXFileReference; lastKnownFileType = file.xib; path = ActiveEventCell.xib; sourceTree = "<group>"; };
		A8D1D2802357243C00DA1089 /* ActiveEventCellViewModel.swift */ = {isa = PBXFileReference; lastKnownFileType = sourcecode.swift; path = ActiveEventCellViewModel.swift; sourceTree = "<group>"; };
		A8D1D28723572B7300DA1089 /* MemberStatusView.swift */ = {isa = PBXFileReference; lastKnownFileType = sourcecode.swift; path = MemberStatusView.swift; sourceTree = "<group>"; };
		A8D1D2892357306800DA1089 /* MemberStatusViewModel.swift */ = {isa = PBXFileReference; lastKnownFileType = sourcecode.swift; path = MemberStatusViewModel.swift; sourceTree = "<group>"; };
		A8D1D294235EEEDA00DA1089 /* StatusContextView.swift */ = {isa = PBXFileReference; lastKnownFileType = sourcecode.swift; path = StatusContextView.swift; sourceTree = "<group>"; };
		A8D1D298235F002B00DA1089 /* StatusMenuView.swift */ = {isa = PBXFileReference; lastKnownFileType = sourcecode.swift; path = StatusMenuView.swift; sourceTree = "<group>"; };
		A8D1D29E2361884000DA1089 /* UIView.swift */ = {isa = PBXFileReference; lastKnownFileType = sourcecode.swift; path = UIView.swift; sourceTree = "<group>"; };
		A8D1D2A32362EBD500DA1089 /* ActivityIndicatorRenderer.swift */ = {isa = PBXFileReference; lastKnownFileType = sourcecode.swift; path = ActivityIndicatorRenderer.swift; sourceTree = "<group>"; };
		A8D1D2A72362ED0900DA1089 /* ArrowsActivityIndicatorView.swift */ = {isa = PBXFileReference; lastKnownFileType = sourcecode.swift; path = ArrowsActivityIndicatorView.swift; sourceTree = "<group>"; };
		A8DFD4E7237292DF00F48B37 /* InvitedEventCell.swift */ = {isa = PBXFileReference; lastKnownFileType = sourcecode.swift; path = InvitedEventCell.swift; sourceTree = "<group>"; };
		A8DFD4E9237292EA00F48B37 /* InvitedEventCell.xib */ = {isa = PBXFileReference; lastKnownFileType = file.xib; path = InvitedEventCell.xib; sourceTree = "<group>"; };
		A8DFD4EC2372AA4100F48B37 /* InventedHeaderView.xib */ = {isa = PBXFileReference; lastKnownFileType = file.xib; path = InventedHeaderView.xib; sourceTree = "<group>"; };
		A8DFD4EE2372AA4C00F48B37 /* InventedHeaderView.swift */ = {isa = PBXFileReference; lastKnownFileType = sourcecode.swift; path = InventedHeaderView.swift; sourceTree = "<group>"; };
		AB8F77D78D04E1B4520D7CEB /* EventsListInteractorInput.swift */ = {isa = PBXFileReference; includeInIndex = 1; lastKnownFileType = sourcecode.swift; path = EventsListInteractorInput.swift; sourceTree = "<group>"; };
		BBB56DA1364DE814BF318F34 /* Pods-Cooplay.debug.xcconfig */ = {isa = PBXFileReference; includeInIndex = 1; lastKnownFileType = text.xcconfig; name = "Pods-Cooplay.debug.xcconfig"; path = "Target Support Files/Pods-Cooplay/Pods-Cooplay.debug.xcconfig"; sourceTree = "<group>"; };
		CD83474AD5A4FB2BE789AD92 /* EventsList.storyboard */ = {isa = PBXFileReference; includeInIndex = 1; lastKnownFileType = file.storyboard; path = EventsList.storyboard; sourceTree = "<group>"; };
		D17E8393F3A67C933D36F4DA /* EventsListViewInput.swift */ = {isa = PBXFileReference; includeInIndex = 1; lastKnownFileType = sourcecode.swift; path = EventsListViewInput.swift; sourceTree = "<group>"; };
		D870143F1DE7E415769F4306 /* EventsListModuleInput.swift */ = {isa = PBXFileReference; includeInIndex = 1; lastKnownFileType = sourcecode.swift; path = EventsListModuleInput.swift; sourceTree = "<group>"; };
		E231ABFDE27D6EA24396F185 /* EventsListAssemblyContainer.swift */ = {isa = PBXFileReference; includeInIndex = 1; lastKnownFileType = sourcecode.swift; path = EventsListAssemblyContainer.swift; sourceTree = "<group>"; };
		F750B1AB809009EC60D7869D /* EventsListRouterInput.swift */ = {isa = PBXFileReference; includeInIndex = 1; lastKnownFileType = sourcecode.swift; path = EventsListRouterInput.swift; sourceTree = "<group>"; };
		F93861AA1E906EB8104B0ED2 /* EventsListRouter.swift */ = {isa = PBXFileReference; includeInIndex = 1; lastKnownFileType = sourcecode.swift; path = EventsListRouter.swift; sourceTree = "<group>"; };
/* End PBXFileReference section */

/* Begin PBXFrameworksBuildPhase section */
		A87701F823336E6E002EA095 /* Frameworks */ = {
			isa = PBXFrameworksBuildPhase;
			buildActionMask = 2147483647;
			files = (
				C56A081CF34CA62526D03FF3 /* Pods_Cooplay.framework in Frameworks */,
			);
			runOnlyForDeploymentPostprocessing = 0;
		};
/* End PBXFrameworksBuildPhase section */

/* Begin PBXGroup section */
		29C76481B7BAAB90E6F28ED9 /* View */ = {
			isa = PBXGroup;
			children = (
				A8DFD4EB2372A9FC00F48B37 /* HeaderVIew */,
				A82FF2D02347160600EE1807 /* Cells */,
				D17E8393F3A67C933D36F4DA /* EventsListViewInput.swift */,
				16F78D0DA3753B15C262B74E /* EventsListViewController.swift */,
			);
			path = View;
			sourceTree = "<group>";
		};
		2E6E6E73E704500B36C74145 /* Storyboard */ = {
			isa = PBXGroup;
			children = (
				CD83474AD5A4FB2BE789AD92 /* EventsList.storyboard */,
			);
			path = Storyboard;
			sourceTree = "<group>";
		};
		341ED12C318527A07E987A11 /* Assembly */ = {
			isa = PBXGroup;
			children = (
				E231ABFDE27D6EA24396F185 /* EventsListAssemblyContainer.swift */,
			);
			path = Assembly;
			sourceTree = "<group>";
		};
		3B0EFF11180C755BF51BF0FA /* EventsList */ = {
			isa = PBXGroup;
			children = (
				3F5C5305CF1A7BD6D04DB03F /* Module */,
			);
			path = EventsList;
			sourceTree = "<group>";
		};
		3F5C5305CF1A7BD6D04DB03F /* Module */ = {
			isa = PBXGroup;
			children = (
				A82FF2D62347226800EE1807 /* ViewModel */,
				341ED12C318527A07E987A11 /* Assembly */,
				2E6E6E73E704500B36C74145 /* Storyboard */,
				29C76481B7BAAB90E6F28ED9 /* View */,
				58304493DDCCDAD996EFB47C /* Presenter */,
				453A18536F15553BFFBC0F8D /* Interactor */,
				71A8D9DFDA6019C9C37F682C /* Router */,
			);
			path = Module;
			sourceTree = "<group>";
		};
		453A18536F15553BFFBC0F8D /* Interactor */ = {
			isa = PBXGroup;
			children = (
				AB8F77D78D04E1B4520D7CEB /* EventsListInteractorInput.swift */,
				27B6192823AD722584C5D6A8 /* EventsListInteractor.swift */,
			);
			path = Interactor;
			sourceTree = "<group>";
		};
		58304493DDCCDAD996EFB47C /* Presenter */ = {
			isa = PBXGroup;
			children = (
				D870143F1DE7E415769F4306 /* EventsListModuleInput.swift */,
				58E18459CE62AE534539FD03 /* EventsListPresenter.swift */,
			);
			path = Presenter;
			sourceTree = "<group>";
		};
		618666405E3843E32A72C4E0 /* Pods */ = {
			isa = PBXGroup;
			children = (
				BBB56DA1364DE814BF318F34 /* Pods-Cooplay.debug.xcconfig */,
				0EA6DED6AE53EB86801DC0B1 /* Pods-Cooplay.release.xcconfig */,
			);
			path = Pods;
			sourceTree = "<group>";
		};
		71A8D9DFDA6019C9C37F682C /* Router */ = {
			isa = PBXGroup;
			children = (
				F750B1AB809009EC60D7869D /* EventsListRouterInput.swift */,
				F93861AA1E906EB8104B0ED2 /* EventsListRouter.swift */,
			);
			path = Router;
			sourceTree = "<group>";
		};
		A82FF29B2345E8A700EE1807 /* Presentation */ = {
			isa = PBXGroup;
			children = (
				A82FF2BC2346F3AB00EE1807 /* Common */,
				3B0EFF11180C755BF51BF0FA /* EventsList */,
			);
			path = Presentation;
			sourceTree = "<group>";
		};
		A82FF29C2345E8BA00EE1807 /* Resources */ = {
			isa = PBXGroup;
			children = (
				A82FF2A62345EB6600EE1807 /* R.generated.swift */,
				A82FF2D9234729B300EE1807 /* Colors */,
				A82FF2CD2347148900EE1807 /* Strings */,
				A82FF29E2345E8F700EE1807 /* Launch */,
				A82FF29D2345E8E900EE1807 /* Images */,
			);
			path = Resources;
			sourceTree = "<group>";
		};
		A82FF29D2345E8E900EE1807 /* Images */ = {
			isa = PBXGroup;
			children = (
				A877020523336E6F002EA095 /* Assets.xcassets */,
			);
			path = Images;
			sourceTree = "<group>";
		};
		A82FF29E2345E8F700EE1807 /* Launch */ = {
			isa = PBXGroup;
			children = (
				A877020723336E6F002EA095 /* LaunchScreen.storyboard */,
			);
			path = Launch;
			sourceTree = "<group>";
		};
		A82FF29F2345E92B00EE1807 /* SupportingFiles */ = {
			isa = PBXGroup;
			children = (
				A877020A23336E6F002EA095 /* Info.plist */,
			);
			path = SupportingFiles;
			sourceTree = "<group>";
		};
		A82FF2A02345E97400EE1807 /* BusinessLogic */ = {
			isa = PBXGroup;
			children = (
				A82FF2AF2346065300EE1807 /* Services */,
			);
			path = BusinessLogic;
			sourceTree = "<group>";
		};
		A82FF2A12345E97900EE1807 /* Models */ = {
			isa = PBXGroup;
			children = (
				A82FF2AE2345FBD700EE1807 /* Common */,
			);
			path = Models;
			sourceTree = "<group>";
		};
		A82FF2A22345E98600EE1807 /* Application */ = {
			isa = PBXGroup;
			children = (
				A87701FE23336E6E002EA095 /* AppDelegate.swift */,
				A82FF2BA2346E96F00EE1807 /* ApplicationAssembly.swift */,
			);
			path = Application;
			sourceTree = "<group>";
		};
		A82FF2A32345EA3700EE1807 /* Configuration */ = {
			isa = PBXGroup;
			children = (
				A82FF2A42345EA3B00EE1807 /* Private */,
			);
			path = Configuration;
			sourceTree = "<group>";
		};
		A82FF2A42345EA3B00EE1807 /* Private */ = {
			isa = PBXGroup;
			children = (
			);
			path = Private;
			sourceTree = "<group>";
		};
		A82FF2AE2345FBD700EE1807 /* Common */ = {
			isa = PBXGroup;
			children = (
				A82FF2AC2345F81A00EE1807 /* Event.swift */,
				A82FF2AA2345F60F00EE1807 /* Game.swift */,
				A82FF2A82345F23C00EE1807 /* User.swift */,
			);
			path = Common;
			sourceTree = "<group>";
		};
		A82FF2AF2346065300EE1807 /* Services */ = {
			isa = PBXGroup;
			children = (
				A82FF2B02346068A00EE1807 /* Event */,
				A82FF2B62346E73100EE1807 /* HardcodedStorage.swift */,
			);
			path = Services;
			sourceTree = "<group>";
		};
		A82FF2B02346068A00EE1807 /* Event */ = {
			isa = PBXGroup;
			children = (
				A82FF2B1234606B700EE1807 /* EventService.swift */,
				A82FF2B82346E91D00EE1807 /* EventServiceAssemblyContainer.swift */,
			);
			path = Event;
			sourceTree = "<group>";
		};
		A82FF2B323460E6100EE1807 /* Constants */ = {
			isa = PBXGroup;
			children = (
				A82FF2B423460E7900EE1807 /* Constants.swift */,
			);
			path = Constants;
			sourceTree = "<group>";
		};
		A82FF2BC2346F3AB00EE1807 /* Common */ = {
			isa = PBXGroup;
			children = (
				A860277723757654004E45AB /* Router */,
				A82FF2BD2346F3BA00EE1807 /* View */,
			);
			path = Common;
			sourceTree = "<group>";
		};
		A82FF2BD2346F3BA00EE1807 /* View */ = {
			isa = PBXGroup;
			children = (
				A8D1D2A22362EB3600DA1089 /* ActivityIndicator */,
				A8D1D293235EEEAC00DA1089 /* StateContextView */,
				A8D1D28223572B2700DA1089 /* MemberStatus */,
				A82FF2BE2346F48F00EE1807 /* Avatar */,
			);
			path = View;
			sourceTree = "<group>";
		};
		A82FF2BE2346F48F00EE1807 /* Avatar */ = {
			isa = PBXGroup;
			children = (
				A82FF2C42346F69400EE1807 /* AvatarViewModel */,
				A82FF2BF2346F4A600EE1807 /* AvatarView */,
			);
			path = Avatar;
			sourceTree = "<group>";
		};
		A82FF2BF2346F4A600EE1807 /* AvatarView */ = {
			isa = PBXGroup;
			children = (
				A82FF2C02346F4C500EE1807 /* AvatarView.xib */,
				A82FF2C22346F5D200EE1807 /* AvatarView.swift */,
			);
			path = AvatarView;
			sourceTree = "<group>";
		};
		A82FF2C42346F69400EE1807 /* AvatarViewModel */ = {
			isa = PBXGroup;
			children = (
				A82FF2C52346F6AB00EE1807 /* AvatarViewModel.swift */,
			);
			path = AvatarViewModel;
			sourceTree = "<group>";
		};
		A82FF2C72346F7F700EE1807 /* Extensions */ = {
			isa = PBXGroup;
			children = (
				A82FF2DE23474C1900EE1807 /* Foundation */,
				A82FF2C82346F80000EE1807 /* UIKit */,
			);
			path = Extensions;
			sourceTree = "<group>";
		};
		A82FF2C82346F80000EE1807 /* UIKit */ = {
			isa = PBXGroup;
			children = (
				A82FF2C92346F81300EE1807 /* UIColor.swift */,
				A82FF2CB2347043F00EE1807 /* UIImageView.swift */,
				A8D1D26B2356F83F00DA1089 /* UIBarButtonItem.swift */,
				A8D1D26D2356F8A400DA1089 /* UIButton.swift */,
				A8D1D26F2356F8C800DA1089 /* UILabel.swift */,
				A8D1D2712356F8F400DA1089 /* UINavigationItem.swift */,
				A8D1D2732356F91900DA1089 /* UISearchBar.swift */,
				A8D1D2752356F93600DA1089 /* UITabBarItem.swift */,
				A8D1D2772356F96300DA1089 /* UITextField.swift */,
				A8D1D29E2361884000DA1089 /* UIView.swift */,
			);
			path = UIKit;
			sourceTree = "<group>";
		};
		A82FF2CD2347148900EE1807 /* Strings */ = {
			isa = PBXGroup;
			children = (
				A82FF2CE234714BD00EE1807 /* Localizable.strings */,
			);
			path = Strings;
			sourceTree = "<group>";
		};
		A82FF2D02347160600EE1807 /* Cells */ = {
			isa = PBXGroup;
			children = (
				A844BDE62379A10F00EE4A3E /* InvitationsHeaderCell */,
				A8DFD4E6237292A800F48B37 /* InvitedEventCell */,
				A8641A182364499800BD3EAA /* EventSectionHeader */,
				A8D1D279235706CA00DA1089 /* ActiveEventCell */,
				A82FF2D12347180700EE1807 /* EventCell */,
			);
			path = Cells;
			sourceTree = "<group>";
		};
		A82FF2D12347180700EE1807 /* EventCell */ = {
			isa = PBXGroup;
			children = (
				A82FF2D22347193000EE1807 /* EventCell.swift */,
				A82FF2D32347193000EE1807 /* EventCell.xib */,
			);
			path = EventCell;
			sourceTree = "<group>";
		};
		A82FF2D62347226800EE1807 /* ViewModel */ = {
			isa = PBXGroup;
			children = (
				A82FF2D72347228600EE1807 /* EventCellViewModel.swift */,
				A8D1D2802357243C00DA1089 /* ActiveEventCellViewModel.swift */,
				A8352344237960C7005655FB /* InvitedEventCellViewModel.swift */,
				A83D43732379715A00DFFCF7 /* EventSectionСollapsibleHeaderViewModel.swift */,
				A844BDEB2379A20600EE4A3E /* InvitationsHeaderCellViewModel.swift */,
			);
			path = ViewModel;
			sourceTree = "<group>";
		};
		A82FF2D9234729B300EE1807 /* Colors */ = {
			isa = PBXGroup;
			children = (
				A82FF2DA234729C900EE1807 /* Colors.xcassets */,
			);
			path = Colors;
			sourceTree = "<group>";
		};
		A82FF2DE23474C1900EE1807 /* Foundation */ = {
			isa = PBXGroup;
			children = (
				A82FF2DF23474C2700EE1807 /* Date.swift */,
				A82FF2DC2347492B00EE1807 /* String.swift */,
			);
			path = Foundation;
			sourceTree = "<group>";
		};
		A844BDE62379A10F00EE4A3E /* InvitationsHeaderCell */ = {
			isa = PBXGroup;
			children = (
				A844BDE72379A13500EE4A3E /* InvitationsHeaderCell.swift */,
				A844BDE82379A13500EE4A3E /* InvitationsHeaderCell.xib */,
			);
			path = InvitationsHeaderCell;
			sourceTree = "<group>";
		};
		A860277723757654004E45AB /* Router */ = {
			isa = PBXGroup;
			children = (
				A860277823757676004E45AB /* ContextMenuRouter.swift */,
			);
			path = Router;
			sourceTree = "<group>";
		};
		A8641A182364499800BD3EAA /* EventSectionHeader */ = {
			isa = PBXGroup;
			children = (
				A8641A1923644A9800BD3EAA /* EventSectionHeaderView.swift */,
				A83D43712379711C00DFFCF7 /* EventSectionСollapsibleHeaderView.swift */,
			);
			path = EventSectionHeader;
			sourceTree = "<group>";
		};
		A87701F223336E6E002EA095 = {
			isa = PBXGroup;
			children = (
				A87701FD23336E6E002EA095 /* Cooplay */,
				A87701FC23336E6E002EA095 /* Products */,
				618666405E3843E32A72C4E0 /* Pods */,
				D0DFD0D1889AEBF25C6681CF /* Frameworks */,
			);
			sourceTree = "<group>";
		};
		A87701FC23336E6E002EA095 /* Products */ = {
			isa = PBXGroup;
			children = (
				A87701FB23336E6E002EA095 /* Cooplay.app */,
			);
			name = Products;
			sourceTree = "<group>";
		};
		A87701FD23336E6E002EA095 /* Cooplay */ = {
			isa = PBXGroup;
			children = (
				A82FF2C72346F7F700EE1807 /* Extensions */,
				A82FF2B323460E6100EE1807 /* Constants */,
				A82FF2A32345EA3700EE1807 /* Configuration */,
				A82FF2A22345E98600EE1807 /* Application */,
				A82FF2A12345E97900EE1807 /* Models */,
				A82FF2A02345E97400EE1807 /* BusinessLogic */,
				A82FF29B2345E8A700EE1807 /* Presentation */,
				A82FF29F2345E92B00EE1807 /* SupportingFiles */,
				A82FF29C2345E8BA00EE1807 /* Resources */,
				A877020023336E6E002EA095 /* ViewController.swift */,
			);
			path = Cooplay;
			sourceTree = "<group>";
		};
		A8D1D279235706CA00DA1089 /* ActiveEventCell */ = {
			isa = PBXGroup;
			children = (
				A8D1D27C2357070A00DA1089 /* ActiveEventCell.swift */,
				A8D1D27D2357070A00DA1089 /* ActiveEventCell.xib */,
			);
			path = ActiveEventCell;
			sourceTree = "<group>";
		};
		A8D1D28223572B2700DA1089 /* MemberStatus */ = {
			isa = PBXGroup;
			children = (
				A8D1D28323572B3800DA1089 /* MemberStatusViewModel */,
				A8D1D28423572B4200DA1089 /* MemberStatusView */,
			);
			path = MemberStatus;
			sourceTree = "<group>";
		};
		A8D1D28323572B3800DA1089 /* MemberStatusViewModel */ = {
			isa = PBXGroup;
			children = (
				A8D1D2892357306800DA1089 /* MemberStatusViewModel.swift */,
			);
			path = MemberStatusViewModel;
			sourceTree = "<group>";
		};
		A8D1D28423572B4200DA1089 /* MemberStatusView */ = {
			isa = PBXGroup;
			children = (
				A8D1D28723572B7300DA1089 /* MemberStatusView.swift */,
			);
			path = MemberStatusView;
			sourceTree = "<group>";
		};
		A8D1D293235EEEAC00DA1089 /* StateContextView */ = {
			isa = PBXGroup;
			children = (
				A8D1D294235EEEDA00DA1089 /* StatusContextView.swift */,
				A8D1D298235F002B00DA1089 /* StatusMenuView.swift */,
				A8CB076A236876D800168EB6 /* MenuItem.swift */,
			);
			path = StateContextView;
			sourceTree = "<group>";
		};
		A8D1D2A22362EB3600DA1089 /* ActivityIndicator */ = {
			isa = PBXGroup;
			children = (
				A8D1D2A32362EBD500DA1089 /* ActivityIndicatorRenderer.swift */,
				A8D1D2A92362ED1600DA1089 /* ActivityIndicatorViews */,
			);
			path = ActivityIndicator;
			sourceTree = "<group>";
		};
		A8D1D2A92362ED1600DA1089 /* ActivityIndicatorViews */ = {
			isa = PBXGroup;
			children = (
				A8D1D2A72362ED0900DA1089 /* ArrowsActivityIndicatorView.swift */,
			);
			path = ActivityIndicatorViews;
			sourceTree = "<group>";
		};
		A8DFD4E6237292A800F48B37 /* InvitedEventCell */ = {
			isa = PBXGroup;
			children = (
				A8DFD4E7237292DF00F48B37 /* InvitedEventCell.swift */,
				A8DFD4E9237292EA00F48B37 /* InvitedEventCell.xib */,
			);
			path = InvitedEventCell;
			sourceTree = "<group>";
		};
		A8DFD4EB2372A9FC00F48B37 /* HeaderVIew */ = {
			isa = PBXGroup;
			children = (
				A8DFD4EE2372AA4C00F48B37 /* InventedHeaderView.swift */,
				A8DFD4EC2372AA4100F48B37 /* InventedHeaderView.xib */,
			);
			path = HeaderVIew;
			sourceTree = "<group>";
		};
		D0DFD0D1889AEBF25C6681CF /* Frameworks */ = {
			isa = PBXGroup;
			children = (
				7D1952A5037E2BEBE7EC02B2 /* Pods_Cooplay.framework */,
			);
			name = Frameworks;
			sourceTree = "<group>";
		};
/* End PBXGroup section */

/* Begin PBXNativeTarget section */
		A87701FA23336E6E002EA095 /* Cooplay */ = {
			isa = PBXNativeTarget;
			buildConfigurationList = A877020D23336E6F002EA095 /* Build configuration list for PBXNativeTarget "Cooplay" */;
			buildPhases = (
				E5943C9F4EE76E133AA84F0B /* [CP] Check Pods Manifest.lock */,
				A82FF2A52345EA6300EE1807 /* R.swift */,
				A87701F723336E6E002EA095 /* Sources */,
				A87701F823336E6E002EA095 /* Frameworks */,
				A87701F923336E6E002EA095 /* Resources */,
				935AEAC71EADD8F3716E6E71 /* [CP] Embed Pods Frameworks */,
			);
			buildRules = (
			);
			dependencies = (
			);
			name = Cooplay;
			productName = Cooplay;
			productReference = A87701FB23336E6E002EA095 /* Cooplay.app */;
			productType = "com.apple.product-type.application";
		};
/* End PBXNativeTarget section */

/* Begin PBXProject section */
		A87701F323336E6E002EA095 /* Project object */ = {
			isa = PBXProject;
			attributes = {
				LastSwiftUpdateCheck = 1030;
				LastUpgradeCheck = 1030;
				ORGANIZATIONNAME = Ovchinnikov;
				TargetAttributes = {
					A87701FA23336E6E002EA095 = {
						CreatedOnToolsVersion = 10.3;
						ProvisioningStyle = Automatic;
					};
				};
			};
			buildConfigurationList = A87701F623336E6E002EA095 /* Build configuration list for PBXProject "Cooplay" */;
			compatibilityVersion = "Xcode 8.0";
			developmentRegion = en;
			hasScannedForEncodings = 0;
			knownRegions = (
				en,
				Base,
			);
			mainGroup = A87701F223336E6E002EA095;
			productRefGroup = A87701FC23336E6E002EA095 /* Products */;
			projectDirPath = "";
			projectRoot = "";
			targets = (
				A87701FA23336E6E002EA095 /* Cooplay */,
			);
		};
/* End PBXProject section */

/* Begin PBXResourcesBuildPhase section */
		A87701F923336E6E002EA095 /* Resources */ = {
			isa = PBXResourcesBuildPhase;
			buildActionMask = 2147483647;
			files = (
				A877020923336E6F002EA095 /* LaunchScreen.storyboard in Resources */,
				A82FF2CF234714BD00EE1807 /* Localizable.strings in Resources */,
				A8D1D27F2357070A00DA1089 /* ActiveEventCell.xib in Resources */,
				A877020623336E6F002EA095 /* Assets.xcassets in Resources */,
				A8DFD4ED2372AA4100F48B37 /* InventedHeaderView.xib in Resources */,
				A82FF2C12346F4C500EE1807 /* AvatarView.xib in Resources */,
				A8DFD4EA237292EA00F48B37 /* InvitedEventCell.xib in Resources */,
				A82FF2DB234729C900EE1807 /* Colors.xcassets in Resources */,
				7F1C72E77A81931B8AE29312 /* EventsList.storyboard in Resources */,
				A82FF2D52347193000EE1807 /* EventCell.xib in Resources */,
				A844BDEA2379A13500EE4A3E /* InvitationsHeaderCell.xib in Resources */,
			);
			runOnlyForDeploymentPostprocessing = 0;
		};
/* End PBXResourcesBuildPhase section */

/* Begin PBXShellScriptBuildPhase section */
		935AEAC71EADD8F3716E6E71 /* [CP] Embed Pods Frameworks */ = {
			isa = PBXShellScriptBuildPhase;
			buildActionMask = 2147483647;
			files = (
			);
			inputPaths = (
				"${PODS_ROOT}/Target Support Files/Pods-Cooplay/Pods-Cooplay-frameworks.sh",
				"${BUILT_PRODUCTS_DIR}/DTCollectionViewManager/DTCollectionViewManager.framework",
				"${BUILT_PRODUCTS_DIR}/DTModelStorage/DTModelStorage.framework",
				"${BUILT_PRODUCTS_DIR}/DTTableViewManager/DTTableViewManager.framework",
				"${BUILT_PRODUCTS_DIR}/Kingfisher/Kingfisher.framework",
				"${BUILT_PRODUCTS_DIR}/LightRoute/LightRoute.framework",
				"${BUILT_PRODUCTS_DIR}/PluggableAppDelegate/PluggableAppDelegate.framework",
				"${BUILT_PRODUCTS_DIR}/R.swift.Library/Rswift.framework",
				"${BUILT_PRODUCTS_DIR}/SwiftDate/SwiftDate.framework",
				"${BUILT_PRODUCTS_DIR}/Swinject/Swinject.framework",
				"${BUILT_PRODUCTS_DIR}/SwinjectStoryboard/SwinjectStoryboard.framework",
				"${BUILT_PRODUCTS_DIR}/iCarousel/iCarousel.framework",
			);
			name = "[CP] Embed Pods Frameworks";
			outputPaths = (
				"${TARGET_BUILD_DIR}/${FRAMEWORKS_FOLDER_PATH}/DTCollectionViewManager.framework",
				"${TARGET_BUILD_DIR}/${FRAMEWORKS_FOLDER_PATH}/DTModelStorage.framework",
				"${TARGET_BUILD_DIR}/${FRAMEWORKS_FOLDER_PATH}/DTTableViewManager.framework",
				"${TARGET_BUILD_DIR}/${FRAMEWORKS_FOLDER_PATH}/Kingfisher.framework",
				"${TARGET_BUILD_DIR}/${FRAMEWORKS_FOLDER_PATH}/LightRoute.framework",
				"${TARGET_BUILD_DIR}/${FRAMEWORKS_FOLDER_PATH}/PluggableAppDelegate.framework",
				"${TARGET_BUILD_DIR}/${FRAMEWORKS_FOLDER_PATH}/Rswift.framework",
				"${TARGET_BUILD_DIR}/${FRAMEWORKS_FOLDER_PATH}/SwiftDate.framework",
				"${TARGET_BUILD_DIR}/${FRAMEWORKS_FOLDER_PATH}/Swinject.framework",
				"${TARGET_BUILD_DIR}/${FRAMEWORKS_FOLDER_PATH}/SwinjectStoryboard.framework",
				"${TARGET_BUILD_DIR}/${FRAMEWORKS_FOLDER_PATH}/iCarousel.framework",
			);
			runOnlyForDeploymentPostprocessing = 0;
			shellPath = /bin/sh;
			shellScript = "\"${PODS_ROOT}/Target Support Files/Pods-Cooplay/Pods-Cooplay-frameworks.sh\"\n";
			showEnvVarsInLog = 0;
		};
		A82FF2A52345EA6300EE1807 /* R.swift */ = {
			isa = PBXShellScriptBuildPhase;
			buildActionMask = 2147483647;
			files = (
			);
			inputPaths = (
				"$TEMP_DIR/rswift-lastrun",
			);
			name = R.swift;
			outputPaths = (
				$SRCROOT/Cooplay/Resources/R.generated.swift,
			);
			runOnlyForDeploymentPostprocessing = 0;
			shellPath = /bin/sh;
			shellScript = "\"$PODS_ROOT/R.swift/rswift\" generate \"$SRCROOT\"/Cooplay/Resources/R.generated.swift\n";
		};
		E5943C9F4EE76E133AA84F0B /* [CP] Check Pods Manifest.lock */ = {
			isa = PBXShellScriptBuildPhase;
			buildActionMask = 2147483647;
			files = (
			);
			inputPaths = (
				"${PODS_PODFILE_DIR_PATH}/Podfile.lock",
				"${PODS_ROOT}/Manifest.lock",
			);
			name = "[CP] Check Pods Manifest.lock";
			outputPaths = (
				"$(DERIVED_FILE_DIR)/Pods-Cooplay-checkManifestLockResult.txt",
			);
			runOnlyForDeploymentPostprocessing = 0;
			shellPath = /bin/sh;
			shellScript = "diff \"${PODS_PODFILE_DIR_PATH}/Podfile.lock\" \"${PODS_ROOT}/Manifest.lock\" > /dev/null\nif [ $? != 0 ] ; then\n    # print error to STDERR\n    echo \"error: The sandbox is not in sync with the Podfile.lock. Run 'pod install' or update your CocoaPods installation.\" >&2\n    exit 1\nfi\n# This output is used by Xcode 'outputs' to avoid re-running this script phase.\necho \"SUCCESS\" > \"${SCRIPT_OUTPUT_FILE_0}\"\n";
			showEnvVarsInLog = 0;
		};
/* End PBXShellScriptBuildPhase section */

/* Begin PBXSourcesBuildPhase section */
		A87701F723336E6E002EA095 /* Sources */ = {
			isa = PBXSourcesBuildPhase;
			buildActionMask = 2147483647;
			files = (
				A82FF2A92345F23C00EE1807 /* User.swift in Sources */,
				A82FF2AB2345F60F00EE1807 /* Game.swift in Sources */,
				A8D1D295235EEEDA00DA1089 /* StatusContextView.swift in Sources */,
				A82FF2D42347193000EE1807 /* EventCell.swift in Sources */,
				A8DFD4EF2372AA4C00F48B37 /* InventedHeaderView.swift in Sources */,
				A8D1D29F2361884000DA1089 /* UIView.swift in Sources */,
				A844BDEC2379A20600EE4A3E /* InvitationsHeaderCellViewModel.swift in Sources */,
				A82FF2DD2347492B00EE1807 /* String.swift in Sources */,
				A877020123336E6E002EA095 /* ViewController.swift in Sources */,
				A8D1D2702356F8C800DA1089 /* UILabel.swift in Sources */,
				A8D1D2812357243C00DA1089 /* ActiveEventCellViewModel.swift in Sources */,
				A8D1D2A42362EBD500DA1089 /* ActivityIndicatorRenderer.swift in Sources */,
				A8D1D26E2356F8A400DA1089 /* UIButton.swift in Sources */,
				A83D43722379711C00DFFCF7 /* EventSectionСollapsibleHeaderView.swift in Sources */,
				A87701FF23336E6E002EA095 /* AppDelegate.swift in Sources */,
				A82FF2BB2346E96F00EE1807 /* ApplicationAssembly.swift in Sources */,
				A8D1D2A82362ED0900DA1089 /* ArrowsActivityIndicatorView.swift in Sources */,
				A82FF2AD2345F81A00EE1807 /* Event.swift in Sources */,
				A82FF2D82347228600EE1807 /* EventCellViewModel.swift in Sources */,
				A82FF2B72346E73100EE1807 /* HardcodedStorage.swift in Sources */,
				A82FF2C62346F6AB00EE1807 /* AvatarViewModel.swift in Sources */,
				A82FF2B92346E91D00EE1807 /* EventServiceAssemblyContainer.swift in Sources */,
				A8D1D2722356F8F400DA1089 /* UINavigationItem.swift in Sources */,
				A82FF2A72345EB6600EE1807 /* R.generated.swift in Sources */,
				A8D1D2782356F96300DA1089 /* UITextField.swift in Sources */,
				A82FF2CA2346F81300EE1807 /* UIColor.swift in Sources */,
				A8CB076B236876D800168EB6 /* MenuItem.swift in Sources */,
				A8D1D2742356F91900DA1089 /* UISearchBar.swift in Sources */,
				A83D43742379715A00DFFCF7 /* EventSectionСollapsibleHeaderViewModel.swift in Sources */,
				A8D1D28823572B7300DA1089 /* MemberStatusView.swift in Sources */,
				A82FF2B2234606B700EE1807 /* EventService.swift in Sources */,
				A82FF2B523460E7900EE1807 /* Constants.swift in Sources */,
				A844BDE92379A13500EE4A3E /* InvitationsHeaderCell.swift in Sources */,
				A8D1D2762356F93600DA1089 /* UITabBarItem.swift in Sources */,
				A8D1D27E2357070A00DA1089 /* ActiveEventCell.swift in Sources */,
				D87DC53E1508FB298599B461 /* EventsListAssemblyContainer.swift in Sources */,
				A8DFD4E8237292DF00F48B37 /* InvitedEventCell.swift in Sources */,
				A8D1D28A2357306800DA1089 /* MemberStatusViewModel.swift in Sources */,
				826D5FA28F3CAFD0816DC345 /* EventsListViewInput.swift in Sources */,
				9BC45A8D018A3E62CF4AF625 /* EventsListViewController.swift in Sources */,
				A8641A1A23644A9800BD3EAA /* EventSectionHeaderView.swift in Sources */,
				A860277923757676004E45AB /* ContextMenuRouter.swift in Sources */,
				A82FF2CC2347043F00EE1807 /* UIImageView.swift in Sources */,
				840F45A281750C1F724974A1 /* EventsListModuleInput.swift in Sources */,
				13C2397E561E118C61089D9C /* EventsListPresenter.swift in Sources */,
				A82FF2C32346F5D200EE1807 /* AvatarView.swift in Sources */,
				A82FF2E023474C2700EE1807 /* Date.swift in Sources */,
				7DB64F4707350447EB574368 /* EventsListInteractorInput.swift in Sources */,
				F36A34895BBD86EC81982DE0 /* EventsListInteractor.swift in Sources */,
				A8352345237960C7005655FB /* InvitedEventCellViewModel.swift in Sources */,
				24CE747C0566B86CF25D5FA4 /* EventsListRouterInput.swift in Sources */,
				A8D1D299235F002B00DA1089 /* StatusMenuView.swift in Sources */,
				81A4314CFFAFBF7266DAB0CE /* EventsListRouter.swift in Sources */,
				A8D1D26C2356F83F00DA1089 /* UIBarButtonItem.swift in Sources */,
			);
			runOnlyForDeploymentPostprocessing = 0;
		};
/* End PBXSourcesBuildPhase section */

/* Begin PBXVariantGroup section */
		A877020723336E6F002EA095 /* LaunchScreen.storyboard */ = {
			isa = PBXVariantGroup;
			children = (
				A877020823336E6F002EA095 /* Base */,
			);
			name = LaunchScreen.storyboard;
			sourceTree = "<group>";
		};
/* End PBXVariantGroup section */

/* Begin XCBuildConfiguration section */
		A877020B23336E6F002EA095 /* Debug */ = {
			isa = XCBuildConfiguration;
			buildSettings = {
				ALWAYS_SEARCH_USER_PATHS = NO;
				CLANG_ANALYZER_NONNULL = YES;
				CLANG_ANALYZER_NUMBER_OBJECT_CONVERSION = YES_AGGRESSIVE;
				CLANG_CXX_LANGUAGE_STANDARD = "gnu++14";
				CLANG_CXX_LIBRARY = "libc++";
				CLANG_ENABLE_MODULES = YES;
				CLANG_ENABLE_OBJC_ARC = YES;
				CLANG_ENABLE_OBJC_WEAK = YES;
				CLANG_WARN_BLOCK_CAPTURE_AUTORELEASING = YES;
				CLANG_WARN_BOOL_CONVERSION = YES;
				CLANG_WARN_COMMA = YES;
				CLANG_WARN_CONSTANT_CONVERSION = YES;
				CLANG_WARN_DEPRECATED_OBJC_IMPLEMENTATIONS = YES;
				CLANG_WARN_DIRECT_OBJC_ISA_USAGE = YES_ERROR;
				CLANG_WARN_DOCUMENTATION_COMMENTS = YES;
				CLANG_WARN_EMPTY_BODY = YES;
				CLANG_WARN_ENUM_CONVERSION = YES;
				CLANG_WARN_INFINITE_RECURSION = YES;
				CLANG_WARN_INT_CONVERSION = YES;
				CLANG_WARN_NON_LITERAL_NULL_CONVERSION = YES;
				CLANG_WARN_OBJC_IMPLICIT_RETAIN_SELF = YES;
				CLANG_WARN_OBJC_LITERAL_CONVERSION = YES;
				CLANG_WARN_OBJC_ROOT_CLASS = YES_ERROR;
				CLANG_WARN_RANGE_LOOP_ANALYSIS = YES;
				CLANG_WARN_STRICT_PROTOTYPES = YES;
				CLANG_WARN_SUSPICIOUS_MOVE = YES;
				CLANG_WARN_UNGUARDED_AVAILABILITY = YES_AGGRESSIVE;
				CLANG_WARN_UNREACHABLE_CODE = YES;
				CLANG_WARN__DUPLICATE_METHOD_MATCH = YES;
				CODE_SIGN_IDENTITY = "iPhone Developer";
				COPY_PHASE_STRIP = NO;
				DEBUG_INFORMATION_FORMAT = dwarf;
				ENABLE_STRICT_OBJC_MSGSEND = YES;
				ENABLE_TESTABILITY = YES;
				GCC_C_LANGUAGE_STANDARD = gnu11;
				GCC_DYNAMIC_NO_PIC = NO;
				GCC_NO_COMMON_BLOCKS = YES;
				GCC_OPTIMIZATION_LEVEL = 0;
				GCC_PREPROCESSOR_DEFINITIONS = (
					"DEBUG=1",
					"$(inherited)",
				);
				GCC_WARN_64_TO_32_BIT_CONVERSION = YES;
				GCC_WARN_ABOUT_RETURN_TYPE = YES_ERROR;
				GCC_WARN_UNDECLARED_SELECTOR = YES;
				GCC_WARN_UNINITIALIZED_AUTOS = YES_AGGRESSIVE;
				GCC_WARN_UNUSED_FUNCTION = YES;
				GCC_WARN_UNUSED_VARIABLE = YES;
				IPHONEOS_DEPLOYMENT_TARGET = 12.4;
				MTL_ENABLE_DEBUG_INFO = INCLUDE_SOURCE;
				MTL_FAST_MATH = YES;
				ONLY_ACTIVE_ARCH = YES;
				SDKROOT = iphoneos;
				SWIFT_ACTIVE_COMPILATION_CONDITIONS = DEBUG;
				SWIFT_OPTIMIZATION_LEVEL = "-Onone";
			};
			name = Debug;
		};
		A877020C23336E6F002EA095 /* Release */ = {
			isa = XCBuildConfiguration;
			buildSettings = {
				ALWAYS_SEARCH_USER_PATHS = NO;
				CLANG_ANALYZER_NONNULL = YES;
				CLANG_ANALYZER_NUMBER_OBJECT_CONVERSION = YES_AGGRESSIVE;
				CLANG_CXX_LANGUAGE_STANDARD = "gnu++14";
				CLANG_CXX_LIBRARY = "libc++";
				CLANG_ENABLE_MODULES = YES;
				CLANG_ENABLE_OBJC_ARC = YES;
				CLANG_ENABLE_OBJC_WEAK = YES;
				CLANG_WARN_BLOCK_CAPTURE_AUTORELEASING = YES;
				CLANG_WARN_BOOL_CONVERSION = YES;
				CLANG_WARN_COMMA = YES;
				CLANG_WARN_CONSTANT_CONVERSION = YES;
				CLANG_WARN_DEPRECATED_OBJC_IMPLEMENTATIONS = YES;
				CLANG_WARN_DIRECT_OBJC_ISA_USAGE = YES_ERROR;
				CLANG_WARN_DOCUMENTATION_COMMENTS = YES;
				CLANG_WARN_EMPTY_BODY = YES;
				CLANG_WARN_ENUM_CONVERSION = YES;
				CLANG_WARN_INFINITE_RECURSION = YES;
				CLANG_WARN_INT_CONVERSION = YES;
				CLANG_WARN_NON_LITERAL_NULL_CONVERSION = YES;
				CLANG_WARN_OBJC_IMPLICIT_RETAIN_SELF = YES;
				CLANG_WARN_OBJC_LITERAL_CONVERSION = YES;
				CLANG_WARN_OBJC_ROOT_CLASS = YES_ERROR;
				CLANG_WARN_RANGE_LOOP_ANALYSIS = YES;
				CLANG_WARN_STRICT_PROTOTYPES = YES;
				CLANG_WARN_SUSPICIOUS_MOVE = YES;
				CLANG_WARN_UNGUARDED_AVAILABILITY = YES_AGGRESSIVE;
				CLANG_WARN_UNREACHABLE_CODE = YES;
				CLANG_WARN__DUPLICATE_METHOD_MATCH = YES;
				CODE_SIGN_IDENTITY = "iPhone Developer";
				COPY_PHASE_STRIP = NO;
				DEBUG_INFORMATION_FORMAT = "dwarf-with-dsym";
				ENABLE_NS_ASSERTIONS = NO;
				ENABLE_STRICT_OBJC_MSGSEND = YES;
				GCC_C_LANGUAGE_STANDARD = gnu11;
				GCC_NO_COMMON_BLOCKS = YES;
				GCC_WARN_64_TO_32_BIT_CONVERSION = YES;
				GCC_WARN_ABOUT_RETURN_TYPE = YES_ERROR;
				GCC_WARN_UNDECLARED_SELECTOR = YES;
				GCC_WARN_UNINITIALIZED_AUTOS = YES_AGGRESSIVE;
				GCC_WARN_UNUSED_FUNCTION = YES;
				GCC_WARN_UNUSED_VARIABLE = YES;
				IPHONEOS_DEPLOYMENT_TARGET = 12.4;
				MTL_ENABLE_DEBUG_INFO = NO;
				MTL_FAST_MATH = YES;
				SDKROOT = iphoneos;
				SWIFT_OPTIMIZATION_LEVEL = "-Owholemodule";
				VALIDATE_PRODUCT = YES;
			};
			name = Release;
		};
		A877020E23336E6F002EA095 /* Debug */ = {
			isa = XCBuildConfiguration;
			baseConfigurationReference = BBB56DA1364DE814BF318F34 /* Pods-Cooplay.debug.xcconfig */;
			buildSettings = {
				ASSETCATALOG_COMPILER_APPICON_NAME = AppIcon;
				CODE_SIGN_STYLE = Automatic;
				DEVELOPMENT_TEAM = VUYXTXW3JY;
				ENABLE_ONLY_ACTIVE_RESOURCES = YES;
				INFOPLIST_FILE = Cooplay/SupportingFiles/Info.plist;
				IPHONEOS_DEPLOYMENT_TARGET = 11.0;
				LD_RUNPATH_SEARCH_PATHS = "$(inherited) @executable_path/Frameworks";
				PRODUCT_BUNDLE_IDENTIFIER = ovchinnikov.Cooplay;
				PRODUCT_NAME = "$(TARGET_NAME)";
				SWIFT_VERSION = 5.0;
				TARGETED_DEVICE_FAMILY = "1,2";
			};
			name = Debug;
		};
		A877020F23336E6F002EA095 /* Release */ = {
			isa = XCBuildConfiguration;
			baseConfigurationReference = 0EA6DED6AE53EB86801DC0B1 /* Pods-Cooplay.release.xcconfig */;
			buildSettings = {
				ASSETCATALOG_COMPILER_APPICON_NAME = AppIcon;
				CODE_SIGN_STYLE = Automatic;
				DEVELOPMENT_TEAM = VUYXTXW3JY;
				ENABLE_ONLY_ACTIVE_RESOURCES = YES;
				INFOPLIST_FILE = Cooplay/SupportingFiles/Info.plist;
				IPHONEOS_DEPLOYMENT_TARGET = 11.0;
				LD_RUNPATH_SEARCH_PATHS = "$(inherited) @executable_path/Frameworks";
				PRODUCT_BUNDLE_IDENTIFIER = ovchinnikov.Cooplay;
				PRODUCT_NAME = "$(TARGET_NAME)";
				SWIFT_VERSION = 5.0;
				TARGETED_DEVICE_FAMILY = "1,2";
			};
			name = Release;
		};
/* End XCBuildConfiguration section */

/* Begin XCConfigurationList section */
		A87701F623336E6E002EA095 /* Build configuration list for PBXProject "Cooplay" */ = {
			isa = XCConfigurationList;
			buildConfigurations = (
				A877020B23336E6F002EA095 /* Debug */,
				A877020C23336E6F002EA095 /* Release */,
			);
			defaultConfigurationIsVisible = 0;
			defaultConfigurationName = Release;
		};
		A877020D23336E6F002EA095 /* Build configuration list for PBXNativeTarget "Cooplay" */ = {
			isa = XCConfigurationList;
			buildConfigurations = (
				A877020E23336E6F002EA095 /* Debug */,
				A877020F23336E6F002EA095 /* Release */,
			);
			defaultConfigurationIsVisible = 0;
			defaultConfigurationName = Release;
		};
/* End XCConfigurationList section */
	};
	rootObject = A87701F323336E6E002EA095 /* Project object */;
}
